// !$*UTF8*$!
{
	archiveVersion = 1;
	classes = {
	};
	objectVersion = 56;
	objects = {

/* Begin PBXBuildFile section */
		551D04322A26614A003B0CF9 /* TivBibleApp.swift in Sources */ = {isa = PBXBuildFile; fileRef = 551D04312A26614A003B0CF9 /* TivBibleApp.swift */; };
		551D04342A26614A003B0CF9 /* ContentView.swift in Sources */ = {isa = PBXBuildFile; fileRef = 551D04332A26614A003B0CF9 /* ContentView.swift */; };
		551D04362A26614B003B0CF9 /* Assets.xcassets in Resources */ = {isa = PBXBuildFile; fileRef = 551D04352A26614B003B0CF9 /* Assets.xcassets */; };
		551D04392A26614B003B0CF9 /* Preview Assets.xcassets in Resources */ = {isa = PBXBuildFile; fileRef = 551D04382A26614B003B0CF9 /* Preview Assets.xcassets */; };
		551D043B2A26614B003B0CF9 /* PersistentStore.swift in Sources */ = {isa = PBXBuildFile; fileRef = 551D043A2A26614B003B0CF9 /* PersistentStore.swift */; };
		551D043E2A26614B003B0CF9 /* TivBible.xcdatamodeld in Sources */ = {isa = PBXBuildFile; fileRef = 551D043C2A26614B003B0CF9 /* TivBible.xcdatamodeld */; };
		551D04482A26614B003B0CF9 /* TivBibleTests.swift in Sources */ = {isa = PBXBuildFile; fileRef = 551D04472A26614B003B0CF9 /* TivBibleTests.swift */; };
		551D04522A26614B003B0CF9 /* TivBibleUITests.swift in Sources */ = {isa = PBXBuildFile; fileRef = 551D04512A26614B003B0CF9 /* TivBibleUITests.swift */; };
		551D04542A26614B003B0CF9 /* TivBibleUITestsLaunchTests.swift in Sources */ = {isa = PBXBuildFile; fileRef = 551D04532A26614B003B0CF9 /* TivBibleUITestsLaunchTests.swift */; };
		551D04652A2661FD003B0CF9 /* tivBibleData.json in Resources */ = {isa = PBXBuildFile; fileRef = 551D04642A2661FD003B0CF9 /* tivBibleData.json */; };
		551D04682A2662E1003B0CF9 /* TivBibleData.swift in Sources */ = {isa = PBXBuildFile; fileRef = 551D04672A2662E1003B0CF9 /* TivBibleData.swift */; };
		551D046A2A266355003B0CF9 /* Book.swift in Sources */ = {isa = PBXBuildFile; fileRef = 551D04692A266355003B0CF9 /* Book.swift */; };
		551D046C2A266368003B0CF9 /* Chapter.swift in Sources */ = {isa = PBXBuildFile; fileRef = 551D046B2A266368003B0CF9 /* Chapter.swift */; };
		551D046E2A266376003B0CF9 /* Verse.swift in Sources */ = {isa = PBXBuildFile; fileRef = 551D046D2A266376003B0CF9 /* Verse.swift */; };
		551D04702A2663B8003B0CF9 /* Testament.swift in Sources */ = {isa = PBXBuildFile; fileRef = 551D046F2A2663B8003B0CF9 /* Testament.swift */; };
		551D04722A2663DB003B0CF9 /* Version.swift in Sources */ = {isa = PBXBuildFile; fileRef = 551D04712A2663DB003B0CF9 /* Version.swift */; };
		55D44F202A273E81004A7AE5 /* BooksDataStore.swift in Sources */ = {isa = PBXBuildFile; fileRef = 55D44F1F2A273E81004A7AE5 /* BooksDataStore.swift */; };
		55D44F222A27507D004A7AE5 /* DataStoreType.swift in Sources */ = {isa = PBXBuildFile; fileRef = 55D44F212A27507D004A7AE5 /* DataStoreType.swift */; };
		55D44F242A2752A5004A7AE5 /* NSManagedObjectContext+Extensions.swift in Sources */ = {isa = PBXBuildFile; fileRef = 55D44F232A2752A5004A7AE5 /* NSManagedObjectContext+Extensions.swift */; };
		55D44F262A276946004A7AE5 /* NSFetchedResultsController+Extensions.swift in Sources */ = {isa = PBXBuildFile; fileRef = 55D44F252A276946004A7AE5 /* NSFetchedResultsController+Extensions.swift */; };
		55D44F282A276C45004A7AE5 /* NSManagedObject+Extensions.swift in Sources */ = {isa = PBXBuildFile; fileRef = 55D44F272A276C45004A7AE5 /* NSManagedObject+Extensions.swift */; };
		55D44F2B2A278FF7004A7AE5 /* Code+Utils.swift in Sources */ = {isa = PBXBuildFile; fileRef = 55D44F2A2A278FF7004A7AE5 /* Code+Utils.swift */; };
		55D44F2D2A27A53A004A7AE5 /* ChaptersDataStore.swift in Sources */ = {isa = PBXBuildFile; fileRef = 55D44F2C2A27A53A004A7AE5 /* ChaptersDataStore.swift */; };
		55D44F2F2A27A55A004A7AE5 /* VersesDataStore.swift in Sources */ = {isa = PBXBuildFile; fileRef = 55D44F2E2A27A55A004A7AE5 /* VersesDataStore.swift */; };
/* End PBXBuildFile section */

/* Begin PBXContainerItemProxy section */
		551D04442A26614B003B0CF9 /* PBXContainerItemProxy */ = {
			isa = PBXContainerItemProxy;
			containerPortal = 551D04262A26614A003B0CF9 /* Project object */;
			proxyType = 1;
			remoteGlobalIDString = 551D042D2A26614A003B0CF9;
			remoteInfo = TivBible;
		};
		551D044E2A26614B003B0CF9 /* PBXContainerItemProxy */ = {
			isa = PBXContainerItemProxy;
			containerPortal = 551D04262A26614A003B0CF9 /* Project object */;
			proxyType = 1;
			remoteGlobalIDString = 551D042D2A26614A003B0CF9;
			remoteInfo = TivBible;
		};
/* End PBXContainerItemProxy section */

/* Begin PBXFileReference section */
		551D042E2A26614A003B0CF9 /* TivBible.app */ = {isa = PBXFileReference; explicitFileType = wrapper.application; includeInIndex = 0; path = TivBible.app; sourceTree = BUILT_PRODUCTS_DIR; };
		551D04312A26614A003B0CF9 /* TivBibleApp.swift */ = {isa = PBXFileReference; lastKnownFileType = sourcecode.swift; path = TivBibleApp.swift; sourceTree = "<group>"; };
		551D04332A26614A003B0CF9 /* ContentView.swift */ = {isa = PBXFileReference; lastKnownFileType = sourcecode.swift; path = ContentView.swift; sourceTree = "<group>"; };
		551D04352A26614B003B0CF9 /* Assets.xcassets */ = {isa = PBXFileReference; lastKnownFileType = folder.assetcatalog; path = Assets.xcassets; sourceTree = "<group>"; };
		551D04382A26614B003B0CF9 /* Preview Assets.xcassets */ = {isa = PBXFileReference; lastKnownFileType = folder.assetcatalog; path = "Preview Assets.xcassets"; sourceTree = "<group>"; };
		551D043A2A26614B003B0CF9 /* PersistentStore.swift */ = {isa = PBXFileReference; lastKnownFileType = sourcecode.swift; path = PersistentStore.swift; sourceTree = "<group>"; };
		551D043D2A26614B003B0CF9 /* TivBible.xcdatamodel */ = {isa = PBXFileReference; lastKnownFileType = wrapper.xcdatamodel; path = TivBible.xcdatamodel; sourceTree = "<group>"; };
		551D04432A26614B003B0CF9 /* TivBibleTests.xctest */ = {isa = PBXFileReference; explicitFileType = wrapper.cfbundle; includeInIndex = 0; path = TivBibleTests.xctest; sourceTree = BUILT_PRODUCTS_DIR; };
		551D04472A26614B003B0CF9 /* TivBibleTests.swift */ = {isa = PBXFileReference; lastKnownFileType = sourcecode.swift; path = TivBibleTests.swift; sourceTree = "<group>"; };
		551D044D2A26614B003B0CF9 /* TivBibleUITests.xctest */ = {isa = PBXFileReference; explicitFileType = wrapper.cfbundle; includeInIndex = 0; path = TivBibleUITests.xctest; sourceTree = BUILT_PRODUCTS_DIR; };
		551D04512A26614B003B0CF9 /* TivBibleUITests.swift */ = {isa = PBXFileReference; lastKnownFileType = sourcecode.swift; path = TivBibleUITests.swift; sourceTree = "<group>"; };
		551D04532A26614B003B0CF9 /* TivBibleUITestsLaunchTests.swift */ = {isa = PBXFileReference; lastKnownFileType = sourcecode.swift; path = TivBibleUITestsLaunchTests.swift; sourceTree = "<group>"; };
		551D04642A2661FD003B0CF9 /* tivBibleData.json */ = {isa = PBXFileReference; fileEncoding = 4; lastKnownFileType = text.json; path = tivBibleData.json; sourceTree = "<group>"; };
		551D04672A2662E1003B0CF9 /* TivBibleData.swift */ = {isa = PBXFileReference; lastKnownFileType = sourcecode.swift; path = TivBibleData.swift; sourceTree = "<group>"; };
		551D04692A266355003B0CF9 /* Book.swift */ = {isa = PBXFileReference; lastKnownFileType = sourcecode.swift; path = Book.swift; sourceTree = "<group>"; };
		551D046B2A266368003B0CF9 /* Chapter.swift */ = {isa = PBXFileReference; lastKnownFileType = sourcecode.swift; path = Chapter.swift; sourceTree = "<group>"; };
		551D046D2A266376003B0CF9 /* Verse.swift */ = {isa = PBXFileReference; lastKnownFileType = sourcecode.swift; path = Verse.swift; sourceTree = "<group>"; };
		551D046F2A2663B8003B0CF9 /* Testament.swift */ = {isa = PBXFileReference; lastKnownFileType = sourcecode.swift; path = Testament.swift; sourceTree = "<group>"; };
		551D04712A2663DB003B0CF9 /* Version.swift */ = {isa = PBXFileReference; lastKnownFileType = sourcecode.swift; path = Version.swift; sourceTree = "<group>"; };
		55D44F1F2A273E81004A7AE5 /* BooksDataStore.swift */ = {isa = PBXFileReference; lastKnownFileType = sourcecode.swift; path = BooksDataStore.swift; sourceTree = "<group>"; };
		55D44F212A27507D004A7AE5 /* DataStoreType.swift */ = {isa = PBXFileReference; lastKnownFileType = sourcecode.swift; path = DataStoreType.swift; sourceTree = "<group>"; };
		55D44F232A2752A5004A7AE5 /* NSManagedObjectContext+Extensions.swift */ = {isa = PBXFileReference; lastKnownFileType = sourcecode.swift; path = "NSManagedObjectContext+Extensions.swift"; sourceTree = "<group>"; };
		55D44F252A276946004A7AE5 /* NSFetchedResultsController+Extensions.swift */ = {isa = PBXFileReference; lastKnownFileType = sourcecode.swift; path = "NSFetchedResultsController+Extensions.swift"; sourceTree = "<group>"; };
		55D44F272A276C45004A7AE5 /* NSManagedObject+Extensions.swift */ = {isa = PBXFileReference; lastKnownFileType = sourcecode.swift; path = "NSManagedObject+Extensions.swift"; sourceTree = "<group>"; };
		55D44F2A2A278FF7004A7AE5 /* Code+Utils.swift */ = {isa = PBXFileReference; lastKnownFileType = sourcecode.swift; path = "Code+Utils.swift"; sourceTree = "<group>"; };
		55D44F2C2A27A53A004A7AE5 /* ChaptersDataStore.swift */ = {isa = PBXFileReference; lastKnownFileType = sourcecode.swift; path = ChaptersDataStore.swift; sourceTree = "<group>"; };
		55D44F2E2A27A55A004A7AE5 /* VersesDataStore.swift */ = {isa = PBXFileReference; lastKnownFileType = sourcecode.swift; path = VersesDataStore.swift; sourceTree = "<group>"; };
/* End PBXFileReference section */

/* Begin PBXFrameworksBuildPhase section */
		551D042B2A26614A003B0CF9 /* Frameworks */ = {
			isa = PBXFrameworksBuildPhase;
			buildActionMask = 2147483647;
			files = (
			);
			runOnlyForDeploymentPostprocessing = 0;
		};
		551D04402A26614B003B0CF9 /* Frameworks */ = {
			isa = PBXFrameworksBuildPhase;
			buildActionMask = 2147483647;
			files = (
			);
			runOnlyForDeploymentPostprocessing = 0;
		};
		551D044A2A26614B003B0CF9 /* Frameworks */ = {
			isa = PBXFrameworksBuildPhase;
			buildActionMask = 2147483647;
			files = (
			);
			runOnlyForDeploymentPostprocessing = 0;
		};
/* End PBXFrameworksBuildPhase section */

/* Begin PBXGroup section */
		551D04252A26614A003B0CF9 = {
			isa = PBXGroup;
			children = (
				551D04302A26614A003B0CF9 /* TivBible */,
				551D04462A26614B003B0CF9 /* TivBibleTests */,
				551D04502A26614B003B0CF9 /* TivBibleUITests */,
				551D042F2A26614A003B0CF9 /* Products */,
			);
			sourceTree = "<group>";
		};
		551D042F2A26614A003B0CF9 /* Products */ = {
			isa = PBXGroup;
			children = (
				551D042E2A26614A003B0CF9 /* TivBible.app */,
				551D04432A26614B003B0CF9 /* TivBibleTests.xctest */,
				551D044D2A26614B003B0CF9 /* TivBibleUITests.xctest */,
			);
			name = Products;
			sourceTree = "<group>";
		};
		551D04302A26614A003B0CF9 /* TivBible */ = {
			isa = PBXGroup;
			children = (
				55D44F292A278FCE004A7AE5 /* Extensions */,
				551D04622A2661C0003B0CF9 /* App */,
				551D04612A2661B8003B0CF9 /* Resources */,
				551D04632A2661CD003B0CF9 /* Features */,
				551D04662A26624A003B0CF9 /* Models */,
				551D04602A2661AA003B0CF9 /* DataStore */,
				551D04372A26614B003B0CF9 /* Preview Content */,
			);
			path = TivBible;
			sourceTree = "<group>";
		};
		551D04372A26614B003B0CF9 /* Preview Content */ = {
			isa = PBXGroup;
			children = (
				551D04382A26614B003B0CF9 /* Preview Assets.xcassets */,
			);
			path = "Preview Content";
			sourceTree = "<group>";
		};
		551D04462A26614B003B0CF9 /* TivBibleTests */ = {
			isa = PBXGroup;
			children = (
				551D04472A26614B003B0CF9 /* TivBibleTests.swift */,
			);
			path = TivBibleTests;
			sourceTree = "<group>";
		};
		551D04502A26614B003B0CF9 /* TivBibleUITests */ = {
			isa = PBXGroup;
			children = (
				551D04512A26614B003B0CF9 /* TivBibleUITests.swift */,
				551D04532A26614B003B0CF9 /* TivBibleUITestsLaunchTests.swift */,
			);
			path = TivBibleUITests;
			sourceTree = "<group>";
		};
		551D04602A2661AA003B0CF9 /* DataStore */ = {
			isa = PBXGroup;
			children = (
				551D043A2A26614B003B0CF9 /* PersistentStore.swift */,
				551D043C2A26614B003B0CF9 /* TivBible.xcdatamodeld */,
				55D44F1F2A273E81004A7AE5 /* BooksDataStore.swift */,
				55D44F2C2A27A53A004A7AE5 /* ChaptersDataStore.swift */,
				55D44F2E2A27A55A004A7AE5 /* VersesDataStore.swift */,
				55D44F212A27507D004A7AE5 /* DataStoreType.swift */,
				55D44F232A2752A5004A7AE5 /* NSManagedObjectContext+Extensions.swift */,
				55D44F252A276946004A7AE5 /* NSFetchedResultsController+Extensions.swift */,
				55D44F272A276C45004A7AE5 /* NSManagedObject+Extensions.swift */,
			);
			path = DataStore;
			sourceTree = "<group>";
		};
		551D04612A2661B8003B0CF9 /* Resources */ = {
			isa = PBXGroup;
			children = (
				551D04642A2661FD003B0CF9 /* tivBibleData.json */,
				551D04352A26614B003B0CF9 /* Assets.xcassets */,
			);
			path = Resources;
			sourceTree = "<group>";
		};
		551D04622A2661C0003B0CF9 /* App */ = {
			isa = PBXGroup;
			children = (
				551D04312A26614A003B0CF9 /* TivBibleApp.swift */,
			);
			path = App;
			sourceTree = "<group>";
		};
		551D04632A2661CD003B0CF9 /* Features */ = {
			isa = PBXGroup;
			children = (
				55D44F1E2A273D9C004A7AE5 /* Splash */,
				551D04332A26614A003B0CF9 /* ContentView.swift */,
			);
			path = Features;
			sourceTree = "<group>";
		};
		551D04662A26624A003B0CF9 /* Models */ = {
			isa = PBXGroup;
			children = (
				551D04672A2662E1003B0CF9 /* TivBibleData.swift */,
				551D04692A266355003B0CF9 /* Book.swift */,
				551D046B2A266368003B0CF9 /* Chapter.swift */,
				551D046D2A266376003B0CF9 /* Verse.swift */,
				551D046F2A2663B8003B0CF9 /* Testament.swift */,
				551D04712A2663DB003B0CF9 /* Version.swift */,
			);
			path = Models;
			sourceTree = "<group>";
		};
		55D44F1E2A273D9C004A7AE5 /* Splash */ = {
			isa = PBXGroup;
			children = (
			);
			path = Splash;
			sourceTree = "<group>";
		};
		55D44F292A278FCE004A7AE5 /* Extensions */ = {
			isa = PBXGroup;
			children = (
				55D44F2A2A278FF7004A7AE5 /* Code+Utils.swift */,
			);
			path = Extensions;
			sourceTree = "<group>";
		};
/* End PBXGroup section */

/* Begin PBXNativeTarget section */
		551D042D2A26614A003B0CF9 /* TivBible */ = {
			isa = PBXNativeTarget;
			buildConfigurationList = 551D04572A26614B003B0CF9 /* Build configuration list for PBXNativeTarget "TivBible" */;
			buildPhases = (
				551D042A2A26614A003B0CF9 /* Sources */,
				551D042B2A26614A003B0CF9 /* Frameworks */,
				551D042C2A26614A003B0CF9 /* Resources */,
			);
			buildRules = (
			);
			dependencies = (
			);
			name = TivBible;
			productName = TivBible;
			productReference = 551D042E2A26614A003B0CF9 /* TivBible.app */;
			productType = "com.apple.product-type.application";
		};
		551D04422A26614B003B0CF9 /* TivBibleTests */ = {
			isa = PBXNativeTarget;
			buildConfigurationList = 551D045A2A26614B003B0CF9 /* Build configuration list for PBXNativeTarget "TivBibleTests" */;
			buildPhases = (
				551D043F2A26614B003B0CF9 /* Sources */,
				551D04402A26614B003B0CF9 /* Frameworks */,
				551D04412A26614B003B0CF9 /* Resources */,
			);
			buildRules = (
			);
			dependencies = (
				551D04452A26614B003B0CF9 /* PBXTargetDependency */,
			);
			name = TivBibleTests;
			productName = TivBibleTests;
			productReference = 551D04432A26614B003B0CF9 /* TivBibleTests.xctest */;
			productType = "com.apple.product-type.bundle.unit-test";
		};
		551D044C2A26614B003B0CF9 /* TivBibleUITests */ = {
			isa = PBXNativeTarget;
			buildConfigurationList = 551D045D2A26614B003B0CF9 /* Build configuration list for PBXNativeTarget "TivBibleUITests" */;
			buildPhases = (
				551D04492A26614B003B0CF9 /* Sources */,
				551D044A2A26614B003B0CF9 /* Frameworks */,
				551D044B2A26614B003B0CF9 /* Resources */,
			);
			buildRules = (
			);
			dependencies = (
				551D044F2A26614B003B0CF9 /* PBXTargetDependency */,
			);
			name = TivBibleUITests;
			productName = TivBibleUITests;
			productReference = 551D044D2A26614B003B0CF9 /* TivBibleUITests.xctest */;
			productType = "com.apple.product-type.bundle.ui-testing";
		};
/* End PBXNativeTarget section */

/* Begin PBXProject section */
		551D04262A26614A003B0CF9 /* Project object */ = {
			isa = PBXProject;
			attributes = {
				BuildIndependentTargetsInParallel = 1;
				LastSwiftUpdateCheck = 1420;
				LastUpgradeCheck = 1420;
				TargetAttributes = {
					551D042D2A26614A003B0CF9 = {
						CreatedOnToolsVersion = 14.2;
					};
					551D04422A26614B003B0CF9 = {
						CreatedOnToolsVersion = 14.2;
						TestTargetID = 551D042D2A26614A003B0CF9;
					};
					551D044C2A26614B003B0CF9 = {
						CreatedOnToolsVersion = 14.2;
						TestTargetID = 551D042D2A26614A003B0CF9;
					};
				};
			};
			buildConfigurationList = 551D04292A26614A003B0CF9 /* Build configuration list for PBXProject "TivBible" */;
			compatibilityVersion = "Xcode 14.0";
			developmentRegion = en;
			hasScannedForEncodings = 0;
			knownRegions = (
				en,
				Base,
			);
			mainGroup = 551D04252A26614A003B0CF9;
			productRefGroup = 551D042F2A26614A003B0CF9 /* Products */;
			projectDirPath = "";
			projectRoot = "";
			targets = (
				551D042D2A26614A003B0CF9 /* TivBible */,
				551D04422A26614B003B0CF9 /* TivBibleTests */,
				551D044C2A26614B003B0CF9 /* TivBibleUITests */,
			);
		};
/* End PBXProject section */

/* Begin PBXResourcesBuildPhase section */
		551D042C2A26614A003B0CF9 /* Resources */ = {
			isa = PBXResourcesBuildPhase;
			buildActionMask = 2147483647;
			files = (
				551D04392A26614B003B0CF9 /* Preview Assets.xcassets in Resources */,
				551D04652A2661FD003B0CF9 /* tivBibleData.json in Resources */,
				551D04362A26614B003B0CF9 /* Assets.xcassets in Resources */,
			);
			runOnlyForDeploymentPostprocessing = 0;
		};
		551D04412A26614B003B0CF9 /* Resources */ = {
			isa = PBXResourcesBuildPhase;
			buildActionMask = 2147483647;
			files = (
			);
			runOnlyForDeploymentPostprocessing = 0;
		};
		551D044B2A26614B003B0CF9 /* Resources */ = {
			isa = PBXResourcesBuildPhase;
			buildActionMask = 2147483647;
			files = (
			);
			runOnlyForDeploymentPostprocessing = 0;
		};
/* End PBXResourcesBuildPhase section */

/* Begin PBXSourcesBuildPhase section */
		551D042A2A26614A003B0CF9 /* Sources */ = {
			isa = PBXSourcesBuildPhase;
			buildActionMask = 2147483647;
			files = (
				551D04682A2662E1003B0CF9 /* TivBibleData.swift in Sources */,
				551D04702A2663B8003B0CF9 /* Testament.swift in Sources */,
				55D44F2B2A278FF7004A7AE5 /* Code+Utils.swift in Sources */,
				551D043B2A26614B003B0CF9 /* PersistentStore.swift in Sources */,
				551D046A2A266355003B0CF9 /* Book.swift in Sources */,
				55D44F202A273E81004A7AE5 /* BooksDataStore.swift in Sources */,
				55D44F2D2A27A53A004A7AE5 /* ChaptersDataStore.swift in Sources */,
				551D046E2A266376003B0CF9 /* Verse.swift in Sources */,
				551D04342A26614A003B0CF9 /* ContentView.swift in Sources */,
				55D44F282A276C45004A7AE5 /* NSManagedObject+Extensions.swift in Sources */,
				55D44F222A27507D004A7AE5 /* DataStoreType.swift in Sources */,
				55D44F242A2752A5004A7AE5 /* NSManagedObjectContext+Extensions.swift in Sources */,
				55D44F262A276946004A7AE5 /* NSFetchedResultsController+Extensions.swift in Sources */,
				55D44F2F2A27A55A004A7AE5 /* VersesDataStore.swift in Sources */,
				551D04722A2663DB003B0CF9 /* Version.swift in Sources */,
				551D043E2A26614B003B0CF9 /* TivBible.xcdatamodeld in Sources */,
				551D04322A26614A003B0CF9 /* TivBibleApp.swift in Sources */,
				551D046C2A266368003B0CF9 /* Chapter.swift in Sources */,
			);
			runOnlyForDeploymentPostprocessing = 0;
		};
		551D043F2A26614B003B0CF9 /* Sources */ = {
			isa = PBXSourcesBuildPhase;
			buildActionMask = 2147483647;
			files = (
				551D04482A26614B003B0CF9 /* TivBibleTests.swift in Sources */,
			);
			runOnlyForDeploymentPostprocessing = 0;
		};
		551D04492A26614B003B0CF9 /* Sources */ = {
			isa = PBXSourcesBuildPhase;
			buildActionMask = 2147483647;
			files = (
				551D04542A26614B003B0CF9 /* TivBibleUITestsLaunchTests.swift in Sources */,
				551D04522A26614B003B0CF9 /* TivBibleUITests.swift in Sources */,
			);
			runOnlyForDeploymentPostprocessing = 0;
		};
/* End PBXSourcesBuildPhase section */

/* Begin PBXTargetDependency section */
		551D04452A26614B003B0CF9 /* PBXTargetDependency */ = {
			isa = PBXTargetDependency;
			target = 551D042D2A26614A003B0CF9 /* TivBible */;
			targetProxy = 551D04442A26614B003B0CF9 /* PBXContainerItemProxy */;
		};
		551D044F2A26614B003B0CF9 /* PBXTargetDependency */ = {
			isa = PBXTargetDependency;
			target = 551D042D2A26614A003B0CF9 /* TivBible */;
			targetProxy = 551D044E2A26614B003B0CF9 /* PBXContainerItemProxy */;
		};
/* End PBXTargetDependency section */

/* Begin XCBuildConfiguration section */
		551D04552A26614B003B0CF9 /* Debug */ = {
			isa = XCBuildConfiguration;
			buildSettings = {
				ALWAYS_SEARCH_USER_PATHS = NO;
				CLANG_ANALYZER_NONNULL = YES;
				CLANG_ANALYZER_NUMBER_OBJECT_CONVERSION = YES_AGGRESSIVE;
				CLANG_CXX_LANGUAGE_STANDARD = "gnu++20";
				CLANG_ENABLE_MODULES = YES;
				CLANG_ENABLE_OBJC_ARC = YES;
				CLANG_ENABLE_OBJC_WEAK = YES;
				CLANG_WARN_BLOCK_CAPTURE_AUTORELEASING = YES;
				CLANG_WARN_BOOL_CONVERSION = YES;
				CLANG_WARN_COMMA = YES;
				CLANG_WARN_CONSTANT_CONVERSION = YES;
				CLANG_WARN_DEPRECATED_OBJC_IMPLEMENTATIONS = YES;
				CLANG_WARN_DIRECT_OBJC_ISA_USAGE = YES_ERROR;
				CLANG_WARN_DOCUMENTATION_COMMENTS = YES;
				CLANG_WARN_EMPTY_BODY = YES;
				CLANG_WARN_ENUM_CONVERSION = YES;
				CLANG_WARN_INFINITE_RECURSION = YES;
				CLANG_WARN_INT_CONVERSION = YES;
				CLANG_WARN_NON_LITERAL_NULL_CONVERSION = YES;
				CLANG_WARN_OBJC_IMPLICIT_RETAIN_SELF = YES;
				CLANG_WARN_OBJC_LITERAL_CONVERSION = YES;
				CLANG_WARN_OBJC_ROOT_CLASS = YES_ERROR;
				CLANG_WARN_QUOTED_INCLUDE_IN_FRAMEWORK_HEADER = YES;
				CLANG_WARN_RANGE_LOOP_ANALYSIS = YES;
				CLANG_WARN_STRICT_PROTOTYPES = YES;
				CLANG_WARN_SUSPICIOUS_MOVE = YES;
				CLANG_WARN_UNGUARDED_AVAILABILITY = YES_AGGRESSIVE;
				CLANG_WARN_UNREACHABLE_CODE = YES;
				CLANG_WARN__DUPLICATE_METHOD_MATCH = YES;
				COPY_PHASE_STRIP = NO;
				DEBUG_INFORMATION_FORMAT = dwarf;
				ENABLE_STRICT_OBJC_MSGSEND = YES;
				ENABLE_TESTABILITY = YES;
				GCC_C_LANGUAGE_STANDARD = gnu11;
				GCC_DYNAMIC_NO_PIC = NO;
				GCC_NO_COMMON_BLOCKS = YES;
				GCC_OPTIMIZATION_LEVEL = 0;
				GCC_PREPROCESSOR_DEFINITIONS = (
					"DEBUG=1",
					"$(inherited)",
				);
				GCC_WARN_64_TO_32_BIT_CONVERSION = YES;
				GCC_WARN_ABOUT_RETURN_TYPE = YES_ERROR;
				GCC_WARN_UNDECLARED_SELECTOR = YES;
				GCC_WARN_UNINITIALIZED_AUTOS = YES_AGGRESSIVE;
				GCC_WARN_UNUSED_FUNCTION = YES;
				GCC_WARN_UNUSED_VARIABLE = YES;
				IPHONEOS_DEPLOYMENT_TARGET = 15.0;
				MTL_ENABLE_DEBUG_INFO = INCLUDE_SOURCE;
				MTL_FAST_MATH = YES;
				ONLY_ACTIVE_ARCH = YES;
				SDKROOT = iphoneos;
				SWIFT_ACTIVE_COMPILATION_CONDITIONS = DEBUG;
				SWIFT_OPTIMIZATION_LEVEL = "-Onone";
			};
			name = Debug;
		};
		551D04562A26614B003B0CF9 /* Release */ = {
			isa = XCBuildConfiguration;
			buildSettings = {
				ALWAYS_SEARCH_USER_PATHS = NO;
				CLANG_ANALYZER_NONNULL = YES;
				CLANG_ANALYZER_NUMBER_OBJECT_CONVERSION = YES_AGGRESSIVE;
				CLANG_CXX_LANGUAGE_STANDARD = "gnu++20";
				CLANG_ENABLE_MODULES = YES;
				CLANG_ENABLE_OBJC_ARC = YES;
				CLANG_ENABLE_OBJC_WEAK = YES;
				CLANG_WARN_BLOCK_CAPTURE_AUTORELEASING = YES;
				CLANG_WARN_BOOL_CONVERSION = YES;
				CLANG_WARN_COMMA = YES;
				CLANG_WARN_CONSTANT_CONVERSION = YES;
				CLANG_WARN_DEPRECATED_OBJC_IMPLEMENTATIONS = YES;
				CLANG_WARN_DIRECT_OBJC_ISA_USAGE = YES_ERROR;
				CLANG_WARN_DOCUMENTATION_COMMENTS = YES;
				CLANG_WARN_EMPTY_BODY = YES;
				CLANG_WARN_ENUM_CONVERSION = YES;
				CLANG_WARN_INFINITE_RECURSION = YES;
				CLANG_WARN_INT_CONVERSION = YES;
				CLANG_WARN_NON_LITERAL_NULL_CONVERSION = YES;
				CLANG_WARN_OBJC_IMPLICIT_RETAIN_SELF = YES;
				CLANG_WARN_OBJC_LITERAL_CONVERSION = YES;
				CLANG_WARN_OBJC_ROOT_CLASS = YES_ERROR;
				CLANG_WARN_QUOTED_INCLUDE_IN_FRAMEWORK_HEADER = YES;
				CLANG_WARN_RANGE_LOOP_ANALYSIS = YES;
				CLANG_WARN_STRICT_PROTOTYPES = YES;
				CLANG_WARN_SUSPICIOUS_MOVE = YES;
				CLANG_WARN_UNGUARDED_AVAILABILITY = YES_AGGRESSIVE;
				CLANG_WARN_UNREACHABLE_CODE = YES;
				CLANG_WARN__DUPLICATE_METHOD_MATCH = YES;
				COPY_PHASE_STRIP = NO;
				DEBUG_INFORMATION_FORMAT = "dwarf-with-dsym";
				ENABLE_NS_ASSERTIONS = NO;
				ENABLE_STRICT_OBJC_MSGSEND = YES;
				GCC_C_LANGUAGE_STANDARD = gnu11;
				GCC_NO_COMMON_BLOCKS = YES;
				GCC_WARN_64_TO_32_BIT_CONVERSION = YES;
				GCC_WARN_ABOUT_RETURN_TYPE = YES_ERROR;
				GCC_WARN_UNDECLARED_SELECTOR = YES;
				GCC_WARN_UNINITIALIZED_AUTOS = YES_AGGRESSIVE;
				GCC_WARN_UNUSED_FUNCTION = YES;
				GCC_WARN_UNUSED_VARIABLE = YES;
				IPHONEOS_DEPLOYMENT_TARGET = 15.0;
				MTL_ENABLE_DEBUG_INFO = NO;
				MTL_FAST_MATH = YES;
				SDKROOT = iphoneos;
				SWIFT_COMPILATION_MODE = wholemodule;
				SWIFT_OPTIMIZATION_LEVEL = "-O";
				VALIDATE_PRODUCT = YES;
			};
			name = Release;
		};
		551D04582A26614B003B0CF9 /* Debug */ = {
			isa = XCBuildConfiguration;
			buildSettings = {
				ASSETCATALOG_COMPILER_APPICON_NAME = AppIcon;
				ASSETCATALOG_COMPILER_GLOBAL_ACCENT_COLOR_NAME = AccentColor;
				CODE_SIGN_STYLE = Automatic;
				CURRENT_PROJECT_VERSION = 1;
				DEVELOPMENT_ASSET_PATHS = "\"TivBible/Preview Content\"";
				DEVELOPMENT_TEAM = 3W6S8FM5ZF;
				ENABLE_PREVIEWS = YES;
				GENERATE_INFOPLIST_FILE = YES;
				INFOPLIST_KEY_UIApplicationSceneManifest_Generation = YES;
				INFOPLIST_KEY_UIApplicationSupportsIndirectInputEvents = YES;
				INFOPLIST_KEY_UILaunchScreen_Generation = YES;
				INFOPLIST_KEY_UISupportedInterfaceOrientations_iPad = "UIInterfaceOrientationPortrait UIInterfaceOrientationPortraitUpsideDown UIInterfaceOrientationLandscapeLeft UIInterfaceOrientationLandscapeRight";
				INFOPLIST_KEY_UISupportedInterfaceOrientations_iPhone = "UIInterfaceOrientationPortrait UIInterfaceOrientationLandscapeLeft UIInterfaceOrientationLandscapeRight";
				LD_RUNPATH_SEARCH_PATHS = (
					"$(inherited)",
					"@executable_path/Frameworks",
				);
				MARKETING_VERSION = 1.0;
				PRODUCT_BUNDLE_IDENTIFIER = com.iniongungroup.mobile.ios.TivBible;
				PRODUCT_NAME = "$(TARGET_NAME)";
				SWIFT_EMIT_LOC_STRINGS = YES;
				SWIFT_VERSION = 5.0;
				TARGETED_DEVICE_FAMILY = "1,2";
			};
			name = Debug;
		};
		551D04592A26614B003B0CF9 /* Release */ = {
			isa = XCBuildConfiguration;
			buildSettings = {
				ASSETCATALOG_COMPILER_APPICON_NAME = AppIcon;
				ASSETCATALOG_COMPILER_GLOBAL_ACCENT_COLOR_NAME = AccentColor;
				CODE_SIGN_STYLE = Automatic;
				CURRENT_PROJECT_VERSION = 1;
				DEVELOPMENT_ASSET_PATHS = "\"TivBible/Preview Content\"";
				DEVELOPMENT_TEAM = 3W6S8FM5ZF;
				ENABLE_PREVIEWS = YES;
				GENERATE_INFOPLIST_FILE = YES;
				INFOPLIST_KEY_UIApplicationSceneManifest_Generation = YES;
				INFOPLIST_KEY_UIApplicationSupportsIndirectInputEvents = YES;
				INFOPLIST_KEY_UILaunchScreen_Generation = YES;
				INFOPLIST_KEY_UISupportedInterfaceOrientations_iPad = "UIInterfaceOrientationPortrait UIInterfaceOrientationPortraitUpsideDown UIInterfaceOrientationLandscapeLeft UIInterfaceOrientationLandscapeRight";
				INFOPLIST_KEY_UISupportedInterfaceOrientations_iPhone = "UIInterfaceOrientationPortrait UIInterfaceOrientationLandscapeLeft UIInterfaceOrientationLandscapeRight";
				LD_RUNPATH_SEARCH_PATHS = (
					"$(inherited)",
					"@executable_path/Frameworks",
				);
				MARKETING_VERSION = 1.0;
				PRODUCT_BUNDLE_IDENTIFIER = com.iniongungroup.mobile.ios.TivBible;
				PRODUCT_NAME = "$(TARGET_NAME)";
				SWIFT_EMIT_LOC_STRINGS = YES;
				SWIFT_VERSION = 5.0;
				TARGETED_DEVICE_FAMILY = "1,2";
			};
			name = Release;
		};
		551D045B2A26614B003B0CF9 /* Debug */ = {
			isa = XCBuildConfiguration;
			buildSettings = {
				ALWAYS_EMBED_SWIFT_STANDARD_LIBRARIES = YES;
				BUNDLE_LOADER = "$(TEST_HOST)";
				CODE_SIGN_STYLE = Automatic;
				CURRENT_PROJECT_VERSION = 1;
				DEVELOPMENT_TEAM = 3W6S8FM5ZF;
				GENERATE_INFOPLIST_FILE = YES;
				IPHONEOS_DEPLOYMENT_TARGET = 16.2;
				MARKETING_VERSION = 1.0;
				PRODUCT_BUNDLE_IDENTIFIER = com.iniongungroup.mobile.ios.TivBibleTests;
				PRODUCT_NAME = "$(TARGET_NAME)";
				SWIFT_EMIT_LOC_STRINGS = NO;
				SWIFT_VERSION = 5.0;
				TARGETED_DEVICE_FAMILY = "1,2";
				TEST_HOST = "$(BUILT_PRODUCTS_DIR)/TivBible.app/$(BUNDLE_EXECUTABLE_FOLDER_PATH)/TivBible";
			};
			name = Debug;
		};
		551D045C2A26614B003B0CF9 /* Release */ = {
			isa = XCBuildConfiguration;
			buildSettings = {
				ALWAYS_EMBED_SWIFT_STANDARD_LIBRARIES = YES;
				BUNDLE_LOADER = "$(TEST_HOST)";
				CODE_SIGN_STYLE = Automatic;
				CURRENT_PROJECT_VERSION = 1;
				DEVELOPMENT_TEAM = 3W6S8FM5ZF;
				GENERATE_INFOPLIST_FILE = YES;
				IPHONEOS_DEPLOYMENT_TARGET = 16.2;
				MARKETING_VERSION = 1.0;
				PRODUCT_BUNDLE_IDENTIFIER = com.iniongungroup.mobile.ios.TivBibleTests;
				PRODUCT_NAME = "$(TARGET_NAME)";
				SWIFT_EMIT_LOC_STRINGS = NO;
				SWIFT_VERSION = 5.0;
				TARGETED_DEVICE_FAMILY = "1,2";
				TEST_HOST = "$(BUILT_PRODUCTS_DIR)/TivBible.app/$(BUNDLE_EXECUTABLE_FOLDER_PATH)/TivBible";
			};
			name = Release;
		};
		551D045E2A26614B003B0CF9 /* Debug */ = {
			isa = XCBuildConfiguration;
			buildSettings = {
				ALWAYS_EMBED_SWIFT_STANDARD_LIBRARIES = YES;
				CODE_SIGN_STYLE = Automatic;
				CURRENT_PROJECT_VERSION = 1;
				DEVELOPMENT_TEAM = 3W6S8FM5ZF;
				GENERATE_INFOPLIST_FILE = YES;
				MARKETING_VERSION = 1.0;
				PRODUCT_BUNDLE_IDENTIFIER = com.iniongungroup.mobile.ios.TivBibleUITests;
				PRODUCT_NAME = "$(TARGET_NAME)";
				SWIFT_EMIT_LOC_STRINGS = NO;
				SWIFT_VERSION = 5.0;
				TARGETED_DEVICE_FAMILY = "1,2";
				TEST_TARGET_NAME = TivBible;
			};
			name = Debug;
		};
		551D045F2A26614B003B0CF9 /* Release */ = {
			isa = XCBuildConfiguration;
			buildSettings = {
				ALWAYS_EMBED_SWIFT_STANDARD_LIBRARIES = YES;
				CODE_SIGN_STYLE = Automatic;
				CURRENT_PROJECT_VERSION = 1;
				DEVELOPMENT_TEAM = 3W6S8FM5ZF;
				GENERATE_INFOPLIST_FILE = YES;
				MARKETING_VERSION = 1.0;
				PRODUCT_BUNDLE_IDENTIFIER = com.iniongungroup.mobile.ios.TivBibleUITests;
				PRODUCT_NAME = "$(TARGET_NAME)";
				SWIFT_EMIT_LOC_STRINGS = NO;
				SWIFT_VERSION = 5.0;
				TARGETED_DEVICE_FAMILY = "1,2";
				TEST_TARGET_NAME = TivBible;
			};
			name = Release;
		};
/* End XCBuildConfiguration section */

/* Begin XCConfigurationList section */
		551D04292A26614A003B0CF9 /* Build configuration list for PBXProject "TivBible" */ = {
			isa = XCConfigurationList;
			buildConfigurations = (
				551D04552A26614B003B0CF9 /* Debug */,
				551D04562A26614B003B0CF9 /* Release */,
			);
			defaultConfigurationIsVisible = 0;
			defaultConfigurationName = Release;
		};
		551D04572A26614B003B0CF9 /* Build configuration list for PBXNativeTarget "TivBible" */ = {
			isa = XCConfigurationList;
			buildConfigurations = (
				551D04582A26614B003B0CF9 /* Debug */,
				551D04592A26614B003B0CF9 /* Release */,
			);
			defaultConfigurationIsVisible = 0;
			defaultConfigurationName = Release;
		};
		551D045A2A26614B003B0CF9 /* Build configuration list for PBXNativeTarget "TivBibleTests" */ = {
			isa = XCConfigurationList;
			buildConfigurations = (
				551D045B2A26614B003B0CF9 /* Debug */,
				551D045C2A26614B003B0CF9 /* Release */,
			);
			defaultConfigurationIsVisible = 0;
			defaultConfigurationName = Release;
		};
		551D045D2A26614B003B0CF9 /* Build configuration list for PBXNativeTarget "TivBibleUITests" */ = {
			isa = XCConfigurationList;
			buildConfigurations = (
				551D045E2A26614B003B0CF9 /* Debug */,
				551D045F2A26614B003B0CF9 /* Release */,
			);
			defaultConfigurationIsVisible = 0;
			defaultConfigurationName = Release;
		};
/* End XCConfigurationList section */

/* Begin XCVersionGroup section */
		551D043C2A26614B003B0CF9 /* TivBible.xcdatamodeld */ = {
			isa = XCVersionGroup;
			children = (
				551D043D2A26614B003B0CF9 /* TivBible.xcdatamodel */,
			);
			currentVersion = 551D043D2A26614B003B0CF9 /* TivBible.xcdatamodel */;
			path = TivBible.xcdatamodeld;
			sourceTree = "<group>";
			versionGroupType = wrapper.xcdatamodel;
		};
/* End XCVersionGroup section */
	};
	rootObject = 551D04262A26614A003B0CF9 /* Project object */;
}
