// !$*UTF8*$!
{
	archiveVersion = 1;
	classes = {
	};
	objectVersion = 52;
	objects = {

/* Begin PBXBuildFile section */
		142C10B0267CA7DB0052E82A /* Tiv_Bible_SwiftUIApp.swift in Sources */ = {isa = PBXBuildFile; fileRef = 142C10AF267CA7DB0052E82A /* Tiv_Bible_SwiftUIApp.swift */; };
		142C10B2267CA7DB0052E82A /* ContentView.swift in Sources */ = {isa = PBXBuildFile; fileRef = 142C10B1267CA7DB0052E82A /* ContentView.swift */; };
		142C10B4267CA7DD0052E82A /* Assets.xcassets in Resources */ = {isa = PBXBuildFile; fileRef = 142C10B3267CA7DD0052E82A /* Assets.xcassets */; };
		142C10B7267CA7DD0052E82A /* Preview Assets.xcassets in Resources */ = {isa = PBXBuildFile; fileRef = 142C10B6267CA7DD0052E82A /* Preview Assets.xcassets */; };
		142C10C2267CA7DD0052E82A /* Tiv_Bible_SwiftUITests.swift in Sources */ = {isa = PBXBuildFile; fileRef = 142C10C1267CA7DD0052E82A /* Tiv_Bible_SwiftUITests.swift */; };
		142C10CD267CA7DD0052E82A /* Tiv_Bible_SwiftUIUITests.swift in Sources */ = {isa = PBXBuildFile; fileRef = 142C10CC267CA7DD0052E82A /* Tiv_Bible_SwiftUIUITests.swift */; };
		142C10DC267CA9020052E82A /* Realm in Frameworks */ = {isa = PBXBuildFile; productRef = 142C10DB267CA9020052E82A /* Realm */; };
		142C10DE267CA9020052E82A /* RealmSwift in Frameworks */ = {isa = PBXBuildFile; productRef = 142C10DD267CA9020052E82A /* RealmSwift */; };
		142C10E5267CAFDC0052E82A /* Base.swift in Sources */ = {isa = PBXBuildFile; fileRef = 142C10E4267CAFDC0052E82A /* Base.swift */; };
		142C10E7267CBAD40052E82A /* BaseName.swift in Sources */ = {isa = PBXBuildFile; fileRef = 142C10E6267CBAD40052E82A /* BaseName.swift */; };
		142C10E9267CBAFB0052E82A /* Version.swift in Sources */ = {isa = PBXBuildFile; fileRef = 142C10E8267CBAFB0052E82A /* Version.swift */; };
		142C10EB267CBB280052E82A /* Testament.swift in Sources */ = {isa = PBXBuildFile; fileRef = 142C10EA267CBB280052E82A /* Testament.swift */; };
		142C10ED267CBDAC0052E82A /* Highlight.swift in Sources */ = {isa = PBXBuildFile; fileRef = 142C10EC267CBDAC0052E82A /* Highlight.swift */; };
		142C10F0267CBE340052E82A /* Verse.swift in Sources */ = {isa = PBXBuildFile; fileRef = 142C10EF267CBE340052E82A /* Verse.swift */; };
		142C10F2267CBE560052E82A /* Chapter.swift in Sources */ = {isa = PBXBuildFile; fileRef = 142C10F1267CBE560052E82A /* Chapter.swift */; };
		142C10F4267CBE8D0052E82A /* Book.swift in Sources */ = {isa = PBXBuildFile; fileRef = 142C10F3267CBE8D0052E82A /* Book.swift */; };
		142C10F6267CBFD80052E82A /* Bookmark.swift in Sources */ = {isa = PBXBuildFile; fileRef = 142C10F5267CBFD80052E82A /* Bookmark.swift */; };
		142C10F8267CC09A0052E82A /* History.swift in Sources */ = {isa = PBXBuildFile; fileRef = 142C10F7267CC09A0052E82A /* History.swift */; };
		142C10FA267CC0D30052E82A /* Note.swift in Sources */ = {isa = PBXBuildFile; fileRef = 142C10F9267CC0D30052E82A /* Note.swift */; };
		142C10FC267CC1E20052E82A /* Other.swift in Sources */ = {isa = PBXBuildFile; fileRef = 142C10FB267CC1E20052E82A /* Other.swift */; };
		142C10FE267CC2070052E82A /* RecentSearch.swift in Sources */ = {isa = PBXBuildFile; fileRef = 142C10FD267CC2070052E82A /* RecentSearch.swift */; };
		142C1100267CC36E0052E82A /* TivBibleDTO.swift in Sources */ = {isa = PBXBuildFile; fileRef = 142C10FF267CC36E0052E82A /* TivBibleDTO.swift */; };
		142C1103267CC40F0052E82A /* Scopable.swift in Sources */ = {isa = PBXBuildFile; fileRef = 142C1102267CC40F0052E82A /* Scopable.swift */; };
		142C1106267CC7B90052E82A /* tivBibleData.json in Resources */ = {isa = PBXBuildFile; fileRef = 142C1105267CC7B90052E82A /* tivBibleData.json */; };
		142C1138267CCB790052E82A /* happy_monkey.ttf in Resources */ = {isa = PBXBuildFile; fileRef = 142C1107267CCB760052E82A /* happy_monkey.ttf */; };
		142C1139267CCB790052E82A /* comfortaa_semi_bold.ttf in Resources */ = {isa = PBXBuildFile; fileRef = 142C1108267CCB760052E82A /* comfortaa_semi_bold.ttf */; };
		142C113A267CCB790052E82A /* montserrat_thin.ttf in Resources */ = {isa = PBXBuildFile; fileRef = 142C1109267CCB760052E82A /* montserrat_thin.ttf */; };
		142C113B267CCB790052E82A /* roboto.ttf in Resources */ = {isa = PBXBuildFile; fileRef = 142C110A267CCB760052E82A /* roboto.ttf */; };
		142C113C267CCB790052E82A /* montserrat_extra_light_italic.ttf in Resources */ = {isa = PBXBuildFile; fileRef = 142C110B267CCB760052E82A /* montserrat_extra_light_italic.ttf */; };
		142C113D267CCB790052E82A /* montserrat_medium_italic.ttf in Resources */ = {isa = PBXBuildFile; fileRef = 142C110C267CCB760052E82A /* montserrat_medium_italic.ttf */; };
		142C113E267CCB790052E82A /* metamorphous.ttf in Resources */ = {isa = PBXBuildFile; fileRef = 142C110D267CCB760052E82A /* metamorphous.ttf */; };
		142C113F267CCB790052E82A /* montserrat_bold_italic.ttf in Resources */ = {isa = PBXBuildFile; fileRef = 142C110E267CCB760052E82A /* montserrat_bold_italic.ttf */; };
		142C1140267CCB790052E82A /* montserrat_alternates_bold.ttf in Resources */ = {isa = PBXBuildFile; fileRef = 142C110F267CCB760052E82A /* montserrat_alternates_bold.ttf */; };
		142C1141267CCB790052E82A /* roboto_medium_italic.ttf in Resources */ = {isa = PBXBuildFile; fileRef = 142C1110267CCB760052E82A /* roboto_medium_italic.ttf */; };
		142C1142267CCB790052E82A /* comfortaa.ttf in Resources */ = {isa = PBXBuildFile; fileRef = 142C1111267CCB760052E82A /* comfortaa.ttf */; };
		142C1143267CCB790052E82A /* roboto_medium.ttf in Resources */ = {isa = PBXBuildFile; fileRef = 142C1112267CCB760052E82A /* roboto_medium.ttf */; };
		142C1144267CCB790052E82A /* roboto_condensed_regular.ttf in Resources */ = {isa = PBXBuildFile; fileRef = 142C1113267CCB760052E82A /* roboto_condensed_regular.ttf */; };
		142C1145267CCB790052E82A /* roboto_black.ttf in Resources */ = {isa = PBXBuildFile; fileRef = 142C1114267CCB770052E82A /* roboto_black.ttf */; };
		142C1146267CCB790052E82A /* martel_sans_light.ttf in Resources */ = {isa = PBXBuildFile; fileRef = 142C1115267CCB770052E82A /* martel_sans_light.ttf */; };
		142C1147267CCB790052E82A /* amatic_sc.ttf in Resources */ = {isa = PBXBuildFile; fileRef = 142C1116267CCB770052E82A /* amatic_sc.ttf */; };
		142C1148267CCB790052E82A /* roboto_bold_italic.ttf in Resources */ = {isa = PBXBuildFile; fileRef = 142C1117267CCB770052E82A /* roboto_bold_italic.ttf */; };
		142C1149267CCB790052E82A /* roboto_black_italic.ttf in Resources */ = {isa = PBXBuildFile; fileRef = 142C1118267CCB770052E82A /* roboto_black_italic.ttf */; };
		142C114A267CCB790052E82A /* montserrat_extra_light.ttf in Resources */ = {isa = PBXBuildFile; fileRef = 142C1119267CCB770052E82A /* montserrat_extra_light.ttf */; };
		142C114B267CCB790052E82A /* montserrat_extra_bold.ttf in Resources */ = {isa = PBXBuildFile; fileRef = 142C111A267CCB770052E82A /* montserrat_extra_bold.ttf */; };
		142C114C267CCB790052E82A /* comfortaa_bold.ttf in Resources */ = {isa = PBXBuildFile; fileRef = 142C111B267CCB770052E82A /* comfortaa_bold.ttf */; };
		142C114D267CCB790052E82A /* martel_sans_extralight.ttf in Resources */ = {isa = PBXBuildFile; fileRef = 142C111C267CCB770052E82A /* martel_sans_extralight.ttf */; };
		142C114E267CCB790052E82A /* comfortaa_light.ttf in Resources */ = {isa = PBXBuildFile; fileRef = 142C111D267CCB770052E82A /* comfortaa_light.ttf */; };
		142C114F267CCB790052E82A /* roboto_italic.ttf in Resources */ = {isa = PBXBuildFile; fileRef = 142C111E267CCB770052E82A /* roboto_italic.ttf */; };
		142C1150267CCB790052E82A /* roboto_bold.ttf in Resources */ = {isa = PBXBuildFile; fileRef = 142C111F267CCB770052E82A /* roboto_bold.ttf */; };
		142C1151267CCB790052E82A /* montserrat_italic.ttf in Resources */ = {isa = PBXBuildFile; fileRef = 142C1120267CCB770052E82A /* montserrat_italic.ttf */; };
		142C1152267CCB790052E82A /* montserrat_regular.ttf in Resources */ = {isa = PBXBuildFile; fileRef = 142C1121267CCB770052E82A /* montserrat_regular.ttf */; };
		142C1153267CCB790052E82A /* roboto_condensed_regular_italic.ttf in Resources */ = {isa = PBXBuildFile; fileRef = 142C1122267CCB770052E82A /* roboto_condensed_regular_italic.ttf */; };
		142C1154267CCB790052E82A /* montserrat_alternates.ttf in Resources */ = {isa = PBXBuildFile; fileRef = 142C1123267CCB770052E82A /* montserrat_alternates.ttf */; };
		142C1155267CCB790052E82A /* montserrat_light.ttf in Resources */ = {isa = PBXBuildFile; fileRef = 142C1124267CCB770052E82A /* montserrat_light.ttf */; };
		142C1156267CCB790052E82A /* roboto_light.ttf in Resources */ = {isa = PBXBuildFile; fileRef = 142C1125267CCB780052E82A /* roboto_light.ttf */; };
		142C1157267CCB790052E82A /* indie_flower.ttf in Resources */ = {isa = PBXBuildFile; fileRef = 142C1126267CCB780052E82A /* indie_flower.ttf */; };
		142C1158267CCB790052E82A /* montserrat_thin_italic.ttf in Resources */ = {isa = PBXBuildFile; fileRef = 142C1127267CCB780052E82A /* montserrat_thin_italic.ttf */; };
		142C1159267CCB790052E82A /* lato.ttf in Resources */ = {isa = PBXBuildFile; fileRef = 142C1128267CCB780052E82A /* lato.ttf */; };
		142C115A267CCB790052E82A /* lobster.ttf in Resources */ = {isa = PBXBuildFile; fileRef = 142C1129267CCB780052E82A /* lobster.ttf */; };
		142C115B267CCB790052E82A /* montserrat_bold.ttf in Resources */ = {isa = PBXBuildFile; fileRef = 142C112A267CCB780052E82A /* montserrat_bold.ttf */; };
		142C115C267CCB790052E82A /* roboto_light_italic.ttf in Resources */ = {isa = PBXBuildFile; fileRef = 142C112B267CCB780052E82A /* roboto_light_italic.ttf */; };
		142C115D267CCB790052E82A /* montserrat_light_italic.ttf in Resources */ = {isa = PBXBuildFile; fileRef = 142C112C267CCB780052E82A /* montserrat_light_italic.ttf */; };
		142C115E267CCB790052E82A /* martel_sans_semibold.ttf in Resources */ = {isa = PBXBuildFile; fileRef = 142C112D267CCB780052E82A /* martel_sans_semibold.ttf */; };
		142C115F267CCB790052E82A /* montserrat_semi_bold_italic.ttf in Resources */ = {isa = PBXBuildFile; fileRef = 142C112E267CCB780052E82A /* montserrat_semi_bold_italic.ttf */; };
		142C1160267CCB790052E82A /* montserrat_extra_bold_italic.ttf in Resources */ = {isa = PBXBuildFile; fileRef = 142C112F267CCB780052E82A /* montserrat_extra_bold_italic.ttf */; };
		142C1161267CCB790052E82A /* montserrat.ttf in Resources */ = {isa = PBXBuildFile; fileRef = 142C1130267CCB780052E82A /* montserrat.ttf */; };
		142C1162267CCB790052E82A /* inconsolata_expanded.ttf in Resources */ = {isa = PBXBuildFile; fileRef = 142C1131267CCB780052E82A /* inconsolata_expanded.ttf */; };
		142C1163267CCB790052E82A /* montserrat_semi_bold.ttf in Resources */ = {isa = PBXBuildFile; fileRef = 142C1132267CCB780052E82A /* montserrat_semi_bold.ttf */; };
		142C1164267CCB790052E82A /* montserrat_black.ttf in Resources */ = {isa = PBXBuildFile; fileRef = 142C1133267CCB780052E82A /* montserrat_black.ttf */; };
		142C1165267CCB790052E82A /* comfortaa_medium.ttf in Resources */ = {isa = PBXBuildFile; fileRef = 142C1134267CCB780052E82A /* comfortaa_medium.ttf */; };
		142C1166267CCB790052E82A /* montserrat_black_italic.ttf in Resources */ = {isa = PBXBuildFile; fileRef = 142C1135267CCB790052E82A /* montserrat_black_italic.ttf */; };
		142C1167267CCB790052E82A /* montserrat_medium.ttf in Resources */ = {isa = PBXBuildFile; fileRef = 142C1136267CCB790052E82A /* montserrat_medium.ttf */; };
		142C1168267CCB790052E82A /* jost.ttf in Resources */ = {isa = PBXBuildFile; fileRef = 142C1137267CCB790052E82A /* jost.ttf */; };
		142C116A267CE6020052E82A /* Color+Ext.swift in Sources */ = {isa = PBXBuildFile; fileRef = 142C1169267CE6020052E82A /* Color+Ext.swift */; };
		142C116C267CE8690052E82A /* Font+Ext.swift in Sources */ = {isa = PBXBuildFile; fileRef = 142C116B267CE8690052E82A /* Font+Ext.swift */; };
/* End PBXBuildFile section */

/* Begin PBXContainerItemProxy section */
		142C10BE267CA7DD0052E82A /* PBXContainerItemProxy */ = {
			isa = PBXContainerItemProxy;
			containerPortal = 142C10A4267CA7DA0052E82A /* Project object */;
			proxyType = 1;
			remoteGlobalIDString = 142C10AB267CA7DB0052E82A;
			remoteInfo = "Tiv Bible SwiftUI";
		};
		142C10C9267CA7DD0052E82A /* PBXContainerItemProxy */ = {
			isa = PBXContainerItemProxy;
			containerPortal = 142C10A4267CA7DA0052E82A /* Project object */;
			proxyType = 1;
			remoteGlobalIDString = 142C10AB267CA7DB0052E82A;
			remoteInfo = "Tiv Bible SwiftUI";
		};
/* End PBXContainerItemProxy section */

/* Begin PBXFileReference section */
		142C10AC267CA7DB0052E82A /* Tiv Bible SwiftUI.app */ = {isa = PBXFileReference; explicitFileType = wrapper.application; includeInIndex = 0; path = "Tiv Bible SwiftUI.app"; sourceTree = BUILT_PRODUCTS_DIR; };
		142C10AF267CA7DB0052E82A /* Tiv_Bible_SwiftUIApp.swift */ = {isa = PBXFileReference; lastKnownFileType = sourcecode.swift; path = Tiv_Bible_SwiftUIApp.swift; sourceTree = "<group>"; };
		142C10B1267CA7DB0052E82A /* ContentView.swift */ = {isa = PBXFileReference; lastKnownFileType = sourcecode.swift; path = ContentView.swift; sourceTree = "<group>"; };
		142C10B3267CA7DD0052E82A /* Assets.xcassets */ = {isa = PBXFileReference; lastKnownFileType = folder.assetcatalog; path = Assets.xcassets; sourceTree = "<group>"; };
		142C10B6267CA7DD0052E82A /* Preview Assets.xcassets */ = {isa = PBXFileReference; lastKnownFileType = folder.assetcatalog; path = "Preview Assets.xcassets"; sourceTree = "<group>"; };
		142C10B8267CA7DD0052E82A /* Info.plist */ = {isa = PBXFileReference; lastKnownFileType = text.plist.xml; path = Info.plist; sourceTree = "<group>"; };
		142C10BD267CA7DD0052E82A /* Tiv Bible SwiftUITests.xctest */ = {isa = PBXFileReference; explicitFileType = wrapper.cfbundle; includeInIndex = 0; path = "Tiv Bible SwiftUITests.xctest"; sourceTree = BUILT_PRODUCTS_DIR; };
		142C10C1267CA7DD0052E82A /* Tiv_Bible_SwiftUITests.swift */ = {isa = PBXFileReference; lastKnownFileType = sourcecode.swift; path = Tiv_Bible_SwiftUITests.swift; sourceTree = "<group>"; };
		142C10C3267CA7DD0052E82A /* Info.plist */ = {isa = PBXFileReference; lastKnownFileType = text.plist.xml; path = Info.plist; sourceTree = "<group>"; };
		142C10C8267CA7DD0052E82A /* Tiv Bible SwiftUIUITests.xctest */ = {isa = PBXFileReference; explicitFileType = wrapper.cfbundle; includeInIndex = 0; path = "Tiv Bible SwiftUIUITests.xctest"; sourceTree = BUILT_PRODUCTS_DIR; };
		142C10CC267CA7DD0052E82A /* Tiv_Bible_SwiftUIUITests.swift */ = {isa = PBXFileReference; lastKnownFileType = sourcecode.swift; path = Tiv_Bible_SwiftUIUITests.swift; sourceTree = "<group>"; };
		142C10CE267CA7DD0052E82A /* Info.plist */ = {isa = PBXFileReference; lastKnownFileType = text.plist.xml; path = Info.plist; sourceTree = "<group>"; };
		142C10E4267CAFDC0052E82A /* Base.swift */ = {isa = PBXFileReference; lastKnownFileType = sourcecode.swift; path = Base.swift; sourceTree = "<group>"; };
		142C10E6267CBAD40052E82A /* BaseName.swift */ = {isa = PBXFileReference; lastKnownFileType = sourcecode.swift; path = BaseName.swift; sourceTree = "<group>"; };
		142C10E8267CBAFB0052E82A /* Version.swift */ = {isa = PBXFileReference; lastKnownFileType = sourcecode.swift; path = Version.swift; sourceTree = "<group>"; };
		142C10EA267CBB280052E82A /* Testament.swift */ = {isa = PBXFileReference; lastKnownFileType = sourcecode.swift; path = Testament.swift; sourceTree = "<group>"; };
		142C10EC267CBDAC0052E82A /* Highlight.swift */ = {isa = PBXFileReference; lastKnownFileType = sourcecode.swift; path = Highlight.swift; sourceTree = "<group>"; };
		142C10EF267CBE340052E82A /* Verse.swift */ = {isa = PBXFileReference; lastKnownFileType = sourcecode.swift; path = Verse.swift; sourceTree = "<group>"; };
		142C10F1267CBE560052E82A /* Chapter.swift */ = {isa = PBXFileReference; lastKnownFileType = sourcecode.swift; path = Chapter.swift; sourceTree = "<group>"; };
		142C10F3267CBE8D0052E82A /* Book.swift */ = {isa = PBXFileReference; lastKnownFileType = sourcecode.swift; path = Book.swift; sourceTree = "<group>"; };
		142C10F5267CBFD80052E82A /* Bookmark.swift */ = {isa = PBXFileReference; lastKnownFileType = sourcecode.swift; path = Bookmark.swift; sourceTree = "<group>"; };
		142C10F7267CC09A0052E82A /* History.swift */ = {isa = PBXFileReference; lastKnownFileType = sourcecode.swift; path = History.swift; sourceTree = "<group>"; };
		142C10F9267CC0D30052E82A /* Note.swift */ = {isa = PBXFileReference; lastKnownFileType = sourcecode.swift; path = Note.swift; sourceTree = "<group>"; };
		142C10FB267CC1E20052E82A /* Other.swift */ = {isa = PBXFileReference; lastKnownFileType = sourcecode.swift; path = Other.swift; sourceTree = "<group>"; };
		142C10FD267CC2070052E82A /* RecentSearch.swift */ = {isa = PBXFileReference; lastKnownFileType = sourcecode.swift; path = RecentSearch.swift; sourceTree = "<group>"; };
		142C10FF267CC36E0052E82A /* TivBibleDTO.swift */ = {isa = PBXFileReference; lastKnownFileType = sourcecode.swift; path = TivBibleDTO.swift; sourceTree = "<group>"; };
		142C1102267CC40F0052E82A /* Scopable.swift */ = {isa = PBXFileReference; lastKnownFileType = sourcecode.swift; path = Scopable.swift; sourceTree = "<group>"; };
		142C1105267CC7B90052E82A /* tivBibleData.json */ = {isa = PBXFileReference; fileEncoding = 4; lastKnownFileType = text.json; path = tivBibleData.json; sourceTree = "<group>"; };
		142C1107267CCB760052E82A /* happy_monkey.ttf */ = {isa = PBXFileReference; lastKnownFileType = file; path = happy_monkey.ttf; sourceTree = "<group>"; };
		142C1108267CCB760052E82A /* comfortaa_semi_bold.ttf */ = {isa = PBXFileReference; lastKnownFileType = file; path = comfortaa_semi_bold.ttf; sourceTree = "<group>"; };
		142C1109267CCB760052E82A /* montserrat_thin.ttf */ = {isa = PBXFileReference; lastKnownFileType = file; path = montserrat_thin.ttf; sourceTree = "<group>"; };
		142C110A267CCB760052E82A /* roboto.ttf */ = {isa = PBXFileReference; lastKnownFileType = file; path = roboto.ttf; sourceTree = "<group>"; };
		142C110B267CCB760052E82A /* montserrat_extra_light_italic.ttf */ = {isa = PBXFileReference; lastKnownFileType = file; path = montserrat_extra_light_italic.ttf; sourceTree = "<group>"; };
		142C110C267CCB760052E82A /* montserrat_medium_italic.ttf */ = {isa = PBXFileReference; lastKnownFileType = file; path = montserrat_medium_italic.ttf; sourceTree = "<group>"; };
		142C110D267CCB760052E82A /* metamorphous.ttf */ = {isa = PBXFileReference; lastKnownFileType = file; path = metamorphous.ttf; sourceTree = "<group>"; };
		142C110E267CCB760052E82A /* montserrat_bold_italic.ttf */ = {isa = PBXFileReference; lastKnownFileType = file; path = montserrat_bold_italic.ttf; sourceTree = "<group>"; };
		142C110F267CCB760052E82A /* montserrat_alternates_bold.ttf */ = {isa = PBXFileReference; lastKnownFileType = file; path = montserrat_alternates_bold.ttf; sourceTree = "<group>"; };
		142C1110267CCB760052E82A /* roboto_medium_italic.ttf */ = {isa = PBXFileReference; lastKnownFileType = file; path = roboto_medium_italic.ttf; sourceTree = "<group>"; };
		142C1111267CCB760052E82A /* comfortaa.ttf */ = {isa = PBXFileReference; lastKnownFileType = file; path = comfortaa.ttf; sourceTree = "<group>"; };
		142C1112267CCB760052E82A /* roboto_medium.ttf */ = {isa = PBXFileReference; lastKnownFileType = file; path = roboto_medium.ttf; sourceTree = "<group>"; };
		142C1113267CCB760052E82A /* roboto_condensed_regular.ttf */ = {isa = PBXFileReference; lastKnownFileType = file; path = roboto_condensed_regular.ttf; sourceTree = "<group>"; };
		142C1114267CCB770052E82A /* roboto_black.ttf */ = {isa = PBXFileReference; lastKnownFileType = file; path = roboto_black.ttf; sourceTree = "<group>"; };
		142C1115267CCB770052E82A /* martel_sans_light.ttf */ = {isa = PBXFileReference; lastKnownFileType = file; path = martel_sans_light.ttf; sourceTree = "<group>"; };
		142C1116267CCB770052E82A /* amatic_sc.ttf */ = {isa = PBXFileReference; lastKnownFileType = file; path = amatic_sc.ttf; sourceTree = "<group>"; };
		142C1117267CCB770052E82A /* roboto_bold_italic.ttf */ = {isa = PBXFileReference; lastKnownFileType = file; path = roboto_bold_italic.ttf; sourceTree = "<group>"; };
		142C1118267CCB770052E82A /* roboto_black_italic.ttf */ = {isa = PBXFileReference; lastKnownFileType = file; path = roboto_black_italic.ttf; sourceTree = "<group>"; };
		142C1119267CCB770052E82A /* montserrat_extra_light.ttf */ = {isa = PBXFileReference; lastKnownFileType = file; path = montserrat_extra_light.ttf; sourceTree = "<group>"; };
		142C111A267CCB770052E82A /* montserrat_extra_bold.ttf */ = {isa = PBXFileReference; lastKnownFileType = file; path = montserrat_extra_bold.ttf; sourceTree = "<group>"; };
		142C111B267CCB770052E82A /* comfortaa_bold.ttf */ = {isa = PBXFileReference; lastKnownFileType = file; path = comfortaa_bold.ttf; sourceTree = "<group>"; };
		142C111C267CCB770052E82A /* martel_sans_extralight.ttf */ = {isa = PBXFileReference; lastKnownFileType = file; path = martel_sans_extralight.ttf; sourceTree = "<group>"; };
		142C111D267CCB770052E82A /* comfortaa_light.ttf */ = {isa = PBXFileReference; lastKnownFileType = file; path = comfortaa_light.ttf; sourceTree = "<group>"; };
		142C111E267CCB770052E82A /* roboto_italic.ttf */ = {isa = PBXFileReference; lastKnownFileType = file; path = roboto_italic.ttf; sourceTree = "<group>"; };
		142C111F267CCB770052E82A /* roboto_bold.ttf */ = {isa = PBXFileReference; lastKnownFileType = file; path = roboto_bold.ttf; sourceTree = "<group>"; };
		142C1120267CCB770052E82A /* montserrat_italic.ttf */ = {isa = PBXFileReference; lastKnownFileType = file; path = montserrat_italic.ttf; sourceTree = "<group>"; };
		142C1121267CCB770052E82A /* montserrat_regular.ttf */ = {isa = PBXFileReference; lastKnownFileType = file; path = montserrat_regular.ttf; sourceTree = "<group>"; };
		142C1122267CCB770052E82A /* roboto_condensed_regular_italic.ttf */ = {isa = PBXFileReference; lastKnownFileType = file; path = roboto_condensed_regular_italic.ttf; sourceTree = "<group>"; };
		142C1123267CCB770052E82A /* montserrat_alternates.ttf */ = {isa = PBXFileReference; lastKnownFileType = file; path = montserrat_alternates.ttf; sourceTree = "<group>"; };
		142C1124267CCB770052E82A /* montserrat_light.ttf */ = {isa = PBXFileReference; lastKnownFileType = file; path = montserrat_light.ttf; sourceTree = "<group>"; };
		142C1125267CCB780052E82A /* roboto_light.ttf */ = {isa = PBXFileReference; lastKnownFileType = file; path = roboto_light.ttf; sourceTree = "<group>"; };
		142C1126267CCB780052E82A /* indie_flower.ttf */ = {isa = PBXFileReference; lastKnownFileType = file; path = indie_flower.ttf; sourceTree = "<group>"; };
		142C1127267CCB780052E82A /* montserrat_thin_italic.ttf */ = {isa = PBXFileReference; lastKnownFileType = file; path = montserrat_thin_italic.ttf; sourceTree = "<group>"; };
		142C1128267CCB780052E82A /* lato.ttf */ = {isa = PBXFileReference; lastKnownFileType = file; path = lato.ttf; sourceTree = "<group>"; };
		142C1129267CCB780052E82A /* lobster.ttf */ = {isa = PBXFileReference; lastKnownFileType = file; path = lobster.ttf; sourceTree = "<group>"; };
		142C112A267CCB780052E82A /* montserrat_bold.ttf */ = {isa = PBXFileReference; lastKnownFileType = file; path = montserrat_bold.ttf; sourceTree = "<group>"; };
		142C112B267CCB780052E82A /* roboto_light_italic.ttf */ = {isa = PBXFileReference; lastKnownFileType = file; path = roboto_light_italic.ttf; sourceTree = "<group>"; };
		142C112C267CCB780052E82A /* montserrat_light_italic.ttf */ = {isa = PBXFileReference; lastKnownFileType = file; path = montserrat_light_italic.ttf; sourceTree = "<group>"; };
		142C112D267CCB780052E82A /* martel_sans_semibold.ttf */ = {isa = PBXFileReference; lastKnownFileType = file; path = martel_sans_semibold.ttf; sourceTree = "<group>"; };
		142C112E267CCB780052E82A /* montserrat_semi_bold_italic.ttf */ = {isa = PBXFileReference; lastKnownFileType = file; path = montserrat_semi_bold_italic.ttf; sourceTree = "<group>"; };
		142C112F267CCB780052E82A /* montserrat_extra_bold_italic.ttf */ = {isa = PBXFileReference; lastKnownFileType = file; path = montserrat_extra_bold_italic.ttf; sourceTree = "<group>"; };
		142C1130267CCB780052E82A /* montserrat.ttf */ = {isa = PBXFileReference; lastKnownFileType = file; path = montserrat.ttf; sourceTree = "<group>"; };
		142C1131267CCB780052E82A /* inconsolata_expanded.ttf */ = {isa = PBXFileReference; lastKnownFileType = file; path = inconsolata_expanded.ttf; sourceTree = "<group>"; };
		142C1132267CCB780052E82A /* montserrat_semi_bold.ttf */ = {isa = PBXFileReference; lastKnownFileType = file; path = montserrat_semi_bold.ttf; sourceTree = "<group>"; };
		142C1133267CCB780052E82A /* montserrat_black.ttf */ = {isa = PBXFileReference; lastKnownFileType = file; path = montserrat_black.ttf; sourceTree = "<group>"; };
		142C1134267CCB780052E82A /* comfortaa_medium.ttf */ = {isa = PBXFileReference; lastKnownFileType = file; path = comfortaa_medium.ttf; sourceTree = "<group>"; };
		142C1135267CCB790052E82A /* montserrat_black_italic.ttf */ = {isa = PBXFileReference; lastKnownFileType = file; path = montserrat_black_italic.ttf; sourceTree = "<group>"; };
		142C1136267CCB790052E82A /* montserrat_medium.ttf */ = {isa = PBXFileReference; lastKnownFileType = file; path = montserrat_medium.ttf; sourceTree = "<group>"; };
		142C1137267CCB790052E82A /* jost.ttf */ = {isa = PBXFileReference; lastKnownFileType = file; path = jost.ttf; sourceTree = "<group>"; };
		142C1169267CE6020052E82A /* Color+Ext.swift */ = {isa = PBXFileReference; lastKnownFileType = sourcecode.swift; path = "Color+Ext.swift"; sourceTree = "<group>"; };
		142C116B267CE8690052E82A /* Font+Ext.swift */ = {isa = PBXFileReference; lastKnownFileType = sourcecode.swift; path = "Font+Ext.swift"; sourceTree = "<group>"; };
/* End PBXFileReference section */

/* Begin PBXFrameworksBuildPhase section */
		142C10A9267CA7DB0052E82A /* Frameworks */ = {
			isa = PBXFrameworksBuildPhase;
			buildActionMask = 2147483647;
			files = (
				142C10DE267CA9020052E82A /* RealmSwift in Frameworks */,
				142C10DC267CA9020052E82A /* Realm in Frameworks */,
			);
			runOnlyForDeploymentPostprocessing = 0;
		};
		142C10BA267CA7DD0052E82A /* Frameworks */ = {
			isa = PBXFrameworksBuildPhase;
			buildActionMask = 2147483647;
			files = (
			);
			runOnlyForDeploymentPostprocessing = 0;
		};
		142C10C5267CA7DD0052E82A /* Frameworks */ = {
			isa = PBXFrameworksBuildPhase;
			buildActionMask = 2147483647;
			files = (
			);
			runOnlyForDeploymentPostprocessing = 0;
		};
/* End PBXFrameworksBuildPhase section */

/* Begin PBXGroup section */
		142C10A3267CA7DA0052E82A = {
			isa = PBXGroup;
			children = (
				142C10AE267CA7DB0052E82A /* Tiv Bible SwiftUI */,
				142C10C0267CA7DD0052E82A /* Tiv Bible SwiftUITests */,
				142C10CB267CA7DD0052E82A /* Tiv Bible SwiftUIUITests */,
				142C10AD267CA7DB0052E82A /* Products */,
			);
			sourceTree = "<group>";
		};
		142C10AD267CA7DB0052E82A /* Products */ = {
			isa = PBXGroup;
			children = (
				142C10AC267CA7DB0052E82A /* Tiv Bible SwiftUI.app */,
				142C10BD267CA7DD0052E82A /* Tiv Bible SwiftUITests.xctest */,
				142C10C8267CA7DD0052E82A /* Tiv Bible SwiftUIUITests.xctest */,
			);
			name = Products;
			sourceTree = "<group>";
		};
		142C10AE267CA7DB0052E82A /* Tiv Bible SwiftUI */ = {
			isa = PBXGroup;
			children = (
				142C10E3267CAF9C0052E82A /* App Files */,
				142C10E0267CAAA30052E82A /* Resources */,
				142C10E1267CAAAB0052E82A /* Features */,
				142C10E2267CAF770052E82A /* Datasource */,
				142C10DF267CAA9D0052E82A /* Entities */,
				142C10EE267CBDE50052E82A /* Extensions+Utils */,
				142C10B5267CA7DD0052E82A /* Preview Content */,
			);
			path = "Tiv Bible SwiftUI";
			sourceTree = "<group>";
		};
		142C10B5267CA7DD0052E82A /* Preview Content */ = {
			isa = PBXGroup;
			children = (
				142C10B6267CA7DD0052E82A /* Preview Assets.xcassets */,
			);
			path = "Preview Content";
			sourceTree = "<group>";
		};
		142C10C0267CA7DD0052E82A /* Tiv Bible SwiftUITests */ = {
			isa = PBXGroup;
			children = (
				142C10C1267CA7DD0052E82A /* Tiv_Bible_SwiftUITests.swift */,
				142C10C3267CA7DD0052E82A /* Info.plist */,
			);
			path = "Tiv Bible SwiftUITests";
			sourceTree = "<group>";
		};
		142C10CB267CA7DD0052E82A /* Tiv Bible SwiftUIUITests */ = {
			isa = PBXGroup;
			children = (
				142C10CC267CA7DD0052E82A /* Tiv_Bible_SwiftUIUITests.swift */,
				142C10CE267CA7DD0052E82A /* Info.plist */,
			);
			path = "Tiv Bible SwiftUIUITests";
			sourceTree = "<group>";
		};
		142C10DF267CAA9D0052E82A /* Entities */ = {
			isa = PBXGroup;
			children = (
				142C10E4267CAFDC0052E82A /* Base.swift */,
				142C10E6267CBAD40052E82A /* BaseName.swift */,
				142C10E8267CBAFB0052E82A /* Version.swift */,
				142C10EA267CBB280052E82A /* Testament.swift */,
				142C10EC267CBDAC0052E82A /* Highlight.swift */,
				142C10EF267CBE340052E82A /* Verse.swift */,
				142C10F1267CBE560052E82A /* Chapter.swift */,
				142C10F3267CBE8D0052E82A /* Book.swift */,
				142C10F5267CBFD80052E82A /* Bookmark.swift */,
				142C10F7267CC09A0052E82A /* History.swift */,
				142C10F9267CC0D30052E82A /* Note.swift */,
				142C10FB267CC1E20052E82A /* Other.swift */,
				142C10FD267CC2070052E82A /* RecentSearch.swift */,
				142C10FF267CC36E0052E82A /* TivBibleDTO.swift */,
			);
			path = Entities;
			sourceTree = "<group>";
		};
		142C10E0267CAAA30052E82A /* Resources */ = {
			isa = PBXGroup;
			children = (
				142C1105267CC7B90052E82A /* tivBibleData.json */,
				142C1104267CC7790052E82A /* Fonts */,
				142C10B3267CA7DD0052E82A /* Assets.xcassets */,
				142C10B8267CA7DD0052E82A /* Info.plist */,
			);
			path = Resources;
			sourceTree = "<group>";
		};
		142C10E1267CAAAB0052E82A /* Features */ = {
			isa = PBXGroup;
			children = (
				142C10B1267CA7DB0052E82A /* ContentView.swift */,
			);
			path = Features;
			sourceTree = "<group>";
		};
		142C10E2267CAF770052E82A /* Datasource */ = {
			isa = PBXGroup;
			children = (
			);
			path = Datasource;
			sourceTree = "<group>";
		};
		142C10E3267CAF9C0052E82A /* App Files */ = {
			isa = PBXGroup;
			children = (
				142C10AF267CA7DB0052E82A /* Tiv_Bible_SwiftUIApp.swift */,
			);
			path = "App Files";
			sourceTree = "<group>";
		};
		142C10EE267CBDE50052E82A /* Extensions+Utils */ = {
			isa = PBXGroup;
			children = (
				142C1101267CC3D60052E82A /* Others */,
			);
			path = "Extensions+Utils";
			sourceTree = "<group>";
		};
		142C1101267CC3D60052E82A /* Others */ = {
			isa = PBXGroup;
			children = (
				142C1102267CC40F0052E82A /* Scopable.swift */,
				142C1169267CE6020052E82A /* Color+Ext.swift */,
				142C116B267CE8690052E82A /* Font+Ext.swift */,
			);
			path = Others;
			sourceTree = "<group>";
		};
		142C1104267CC7790052E82A /* Fonts */ = {
			isa = PBXGroup;
			children = (
				142C1116267CCB770052E82A /* amatic_sc.ttf */,
				142C111B267CCB770052E82A /* comfortaa_bold.ttf */,
				142C111D267CCB770052E82A /* comfortaa_light.ttf */,
				142C1134267CCB780052E82A /* comfortaa_medium.ttf */,
				142C1108267CCB760052E82A /* comfortaa_semi_bold.ttf */,
				142C1111267CCB760052E82A /* comfortaa.ttf */,
				142C1107267CCB760052E82A /* happy_monkey.ttf */,
				142C1131267CCB780052E82A /* inconsolata_expanded.ttf */,
				142C1126267CCB780052E82A /* indie_flower.ttf */,
				142C1137267CCB790052E82A /* jost.ttf */,
				142C1128267CCB780052E82A /* lato.ttf */,
				142C1129267CCB780052E82A /* lobster.ttf */,
				142C111C267CCB770052E82A /* martel_sans_extralight.ttf */,
				142C1115267CCB770052E82A /* martel_sans_light.ttf */,
				142C112D267CCB780052E82A /* martel_sans_semibold.ttf */,
				142C110D267CCB760052E82A /* metamorphous.ttf */,
				142C110F267CCB760052E82A /* montserrat_alternates_bold.ttf */,
				142C1123267CCB770052E82A /* montserrat_alternates.ttf */,
				142C1135267CCB790052E82A /* montserrat_black_italic.ttf */,
				142C1133267CCB780052E82A /* montserrat_black.ttf */,
				142C110E267CCB760052E82A /* montserrat_bold_italic.ttf */,
				142C112A267CCB780052E82A /* montserrat_bold.ttf */,
				142C112F267CCB780052E82A /* montserrat_extra_bold_italic.ttf */,
				142C111A267CCB770052E82A /* montserrat_extra_bold.ttf */,
				142C110B267CCB760052E82A /* montserrat_extra_light_italic.ttf */,
				142C1119267CCB770052E82A /* montserrat_extra_light.ttf */,
				142C1120267CCB770052E82A /* montserrat_italic.ttf */,
				142C112C267CCB780052E82A /* montserrat_light_italic.ttf */,
				142C1124267CCB770052E82A /* montserrat_light.ttf */,
				142C110C267CCB760052E82A /* montserrat_medium_italic.ttf */,
				142C1136267CCB790052E82A /* montserrat_medium.ttf */,
				142C1121267CCB770052E82A /* montserrat_regular.ttf */,
				142C112E267CCB780052E82A /* montserrat_semi_bold_italic.ttf */,
				142C1132267CCB780052E82A /* montserrat_semi_bold.ttf */,
				142C1127267CCB780052E82A /* montserrat_thin_italic.ttf */,
				142C1109267CCB760052E82A /* montserrat_thin.ttf */,
				142C1130267CCB780052E82A /* montserrat.ttf */,
				142C1118267CCB770052E82A /* roboto_black_italic.ttf */,
				142C1114267CCB770052E82A /* roboto_black.ttf */,
				142C1117267CCB770052E82A /* roboto_bold_italic.ttf */,
				142C111F267CCB770052E82A /* roboto_bold.ttf */,
				142C1122267CCB770052E82A /* roboto_condensed_regular_italic.ttf */,
				142C1113267CCB760052E82A /* roboto_condensed_regular.ttf */,
				142C111E267CCB770052E82A /* roboto_italic.ttf */,
				142C112B267CCB780052E82A /* roboto_light_italic.ttf */,
				142C1125267CCB780052E82A /* roboto_light.ttf */,
				142C1110267CCB760052E82A /* roboto_medium_italic.ttf */,
				142C1112267CCB760052E82A /* roboto_medium.ttf */,
				142C110A267CCB760052E82A /* roboto.ttf */,
			);
			path = Fonts;
			sourceTree = "<group>";
		};
/* End PBXGroup section */

/* Begin PBXNativeTarget section */
		142C10AB267CA7DB0052E82A /* Tiv Bible SwiftUI */ = {
			isa = PBXNativeTarget;
			buildConfigurationList = 142C10D1267CA7DD0052E82A /* Build configuration list for PBXNativeTarget "Tiv Bible SwiftUI" */;
			buildPhases = (
				142C10A8267CA7DB0052E82A /* Sources */,
				142C10A9267CA7DB0052E82A /* Frameworks */,
				142C10AA267CA7DB0052E82A /* Resources */,
			);
			buildRules = (
			);
			dependencies = (
			);
			name = "Tiv Bible SwiftUI";
			packageProductDependencies = (
				142C10DB267CA9020052E82A /* Realm */,
				142C10DD267CA9020052E82A /* RealmSwift */,
			);
			productName = "Tiv Bible SwiftUI";
			productReference = 142C10AC267CA7DB0052E82A /* Tiv Bible SwiftUI.app */;
			productType = "com.apple.product-type.application";
		};
		142C10BC267CA7DD0052E82A /* Tiv Bible SwiftUITests */ = {
			isa = PBXNativeTarget;
			buildConfigurationList = 142C10D4267CA7DD0052E82A /* Build configuration list for PBXNativeTarget "Tiv Bible SwiftUITests" */;
			buildPhases = (
				142C10B9267CA7DD0052E82A /* Sources */,
				142C10BA267CA7DD0052E82A /* Frameworks */,
				142C10BB267CA7DD0052E82A /* Resources */,
			);
			buildRules = (
			);
			dependencies = (
				142C10BF267CA7DD0052E82A /* PBXTargetDependency */,
			);
			name = "Tiv Bible SwiftUITests";
			productName = "Tiv Bible SwiftUITests";
			productReference = 142C10BD267CA7DD0052E82A /* Tiv Bible SwiftUITests.xctest */;
			productType = "com.apple.product-type.bundle.unit-test";
		};
		142C10C7267CA7DD0052E82A /* Tiv Bible SwiftUIUITests */ = {
			isa = PBXNativeTarget;
			buildConfigurationList = 142C10D7267CA7DD0052E82A /* Build configuration list for PBXNativeTarget "Tiv Bible SwiftUIUITests" */;
			buildPhases = (
				142C10C4267CA7DD0052E82A /* Sources */,
				142C10C5267CA7DD0052E82A /* Frameworks */,
				142C10C6267CA7DD0052E82A /* Resources */,
			);
			buildRules = (
			);
			dependencies = (
				142C10CA267CA7DD0052E82A /* PBXTargetDependency */,
			);
			name = "Tiv Bible SwiftUIUITests";
			productName = "Tiv Bible SwiftUIUITests";
			productReference = 142C10C8267CA7DD0052E82A /* Tiv Bible SwiftUIUITests.xctest */;
			productType = "com.apple.product-type.bundle.ui-testing";
		};
/* End PBXNativeTarget section */

/* Begin PBXProject section */
		142C10A4267CA7DA0052E82A /* Project object */ = {
			isa = PBXProject;
			attributes = {
				LastSwiftUpdateCheck = 1250;
				LastUpgradeCheck = 1250;
				TargetAttributes = {
					142C10AB267CA7DB0052E82A = {
						CreatedOnToolsVersion = 12.5;
					};
					142C10BC267CA7DD0052E82A = {
						CreatedOnToolsVersion = 12.5;
						TestTargetID = 142C10AB267CA7DB0052E82A;
					};
					142C10C7267CA7DD0052E82A = {
						CreatedOnToolsVersion = 12.5;
						TestTargetID = 142C10AB267CA7DB0052E82A;
					};
				};
			};
			buildConfigurationList = 142C10A7267CA7DB0052E82A /* Build configuration list for PBXProject "Tiv Bible SwiftUI" */;
			compatibilityVersion = "Xcode 9.3";
			developmentRegion = en;
			hasScannedForEncodings = 0;
			knownRegions = (
				en,
				Base,
			);
			mainGroup = 142C10A3267CA7DA0052E82A;
			packageReferences = (
				142C10DA267CA9020052E82A /* XCRemoteSwiftPackageReference "realm-cocoa" */,
			);
			productRefGroup = 142C10AD267CA7DB0052E82A /* Products */;
			projectDirPath = "";
			projectRoot = "";
			targets = (
				142C10AB267CA7DB0052E82A /* Tiv Bible SwiftUI */,
				142C10BC267CA7DD0052E82A /* Tiv Bible SwiftUITests */,
				142C10C7267CA7DD0052E82A /* Tiv Bible SwiftUIUITests */,
			);
		};
/* End PBXProject section */

/* Begin PBXResourcesBuildPhase section */
		142C10AA267CA7DB0052E82A /* Resources */ = {
			isa = PBXResourcesBuildPhase;
			buildActionMask = 2147483647;
			files = (
				142C1149267CCB790052E82A /* roboto_black_italic.ttf in Resources */,
				142C1161267CCB790052E82A /* montserrat.ttf in Resources */,
				142C1144267CCB790052E82A /* roboto_condensed_regular.ttf in Resources */,
				142C114C267CCB790052E82A /* comfortaa_bold.ttf in Resources */,
				142C113E267CCB790052E82A /* metamorphous.ttf in Resources */,
				142C1155267CCB790052E82A /* montserrat_light.ttf in Resources */,
				142C1141267CCB790052E82A /* roboto_medium_italic.ttf in Resources */,
				142C1153267CCB790052E82A /* roboto_condensed_regular_italic.ttf in Resources */,
				142C115F267CCB790052E82A /* montserrat_semi_bold_italic.ttf in Resources */,
				142C1146267CCB790052E82A /* martel_sans_light.ttf in Resources */,
				142C114F267CCB790052E82A /* roboto_italic.ttf in Resources */,
				142C1167267CCB790052E82A /* montserrat_medium.ttf in Resources */,
				142C1168267CCB790052E82A /* jost.ttf in Resources */,
				142C114A267CCB790052E82A /* montserrat_extra_light.ttf in Resources */,
				142C115A267CCB790052E82A /* lobster.ttf in Resources */,
				142C1148267CCB790052E82A /* roboto_bold_italic.ttf in Resources */,
				142C114E267CCB790052E82A /* comfortaa_light.ttf in Resources */,
				142C1163267CCB790052E82A /* montserrat_semi_bold.ttf in Resources */,
				142C1158267CCB790052E82A /* montserrat_thin_italic.ttf in Resources */,
				142C1157267CCB790052E82A /* indie_flower.ttf in Resources */,
				142C1138267CCB790052E82A /* happy_monkey.ttf in Resources */,
				142C113C267CCB790052E82A /* montserrat_extra_light_italic.ttf in Resources */,
				142C115E267CCB790052E82A /* martel_sans_semibold.ttf in Resources */,
				142C1166267CCB790052E82A /* montserrat_black_italic.ttf in Resources */,
				142C115B267CCB790052E82A /* montserrat_bold.ttf in Resources */,
				142C1156267CCB790052E82A /* roboto_light.ttf in Resources */,
				142C1152267CCB790052E82A /* montserrat_regular.ttf in Resources */,
				142C115C267CCB790052E82A /* roboto_light_italic.ttf in Resources */,
				142C1139267CCB790052E82A /* comfortaa_semi_bold.ttf in Resources */,
				142C114B267CCB790052E82A /* montserrat_extra_bold.ttf in Resources */,
				142C1164267CCB790052E82A /* montserrat_black.ttf in Resources */,
				142C1145267CCB790052E82A /* roboto_black.ttf in Resources */,
				142C1142267CCB790052E82A /* comfortaa.ttf in Resources */,
				142C1165267CCB790052E82A /* comfortaa_medium.ttf in Resources */,
				142C1159267CCB790052E82A /* lato.ttf in Resources */,
				142C1150267CCB790052E82A /* roboto_bold.ttf in Resources */,
				142C113D267CCB790052E82A /* montserrat_medium_italic.ttf in Resources */,
				142C10B7267CA7DD0052E82A /* Preview Assets.xcassets in Resources */,
				142C1147267CCB790052E82A /* amatic_sc.ttf in Resources */,
				142C1162267CCB790052E82A /* inconsolata_expanded.ttf in Resources */,
				142C1154267CCB790052E82A /* montserrat_alternates.ttf in Resources */,
				142C1106267CC7B90052E82A /* tivBibleData.json in Resources */,
				142C113F267CCB790052E82A /* montserrat_bold_italic.ttf in Resources */,
				142C113A267CCB790052E82A /* montserrat_thin.ttf in Resources */,
				142C1151267CCB790052E82A /* montserrat_italic.ttf in Resources */,
				142C115D267CCB790052E82A /* montserrat_light_italic.ttf in Resources */,
				142C113B267CCB790052E82A /* roboto.ttf in Resources */,
				142C10B4267CA7DD0052E82A /* Assets.xcassets in Resources */,
				142C1140267CCB790052E82A /* montserrat_alternates_bold.ttf in Resources */,
				142C1143267CCB790052E82A /* roboto_medium.ttf in Resources */,
				142C1160267CCB790052E82A /* montserrat_extra_bold_italic.ttf in Resources */,
				142C114D267CCB790052E82A /* martel_sans_extralight.ttf in Resources */,
			);
			runOnlyForDeploymentPostprocessing = 0;
		};
		142C10BB267CA7DD0052E82A /* Resources */ = {
			isa = PBXResourcesBuildPhase;
			buildActionMask = 2147483647;
			files = (
			);
			runOnlyForDeploymentPostprocessing = 0;
		};
		142C10C6267CA7DD0052E82A /* Resources */ = {
			isa = PBXResourcesBuildPhase;
			buildActionMask = 2147483647;
			files = (
			);
			runOnlyForDeploymentPostprocessing = 0;
		};
/* End PBXResourcesBuildPhase section */

/* Begin PBXSourcesBuildPhase section */
		142C10A8267CA7DB0052E82A /* Sources */ = {
			isa = PBXSourcesBuildPhase;
			buildActionMask = 2147483647;
			files = (
				142C10E5267CAFDC0052E82A /* Base.swift in Sources */,
				142C10F6267CBFD80052E82A /* Bookmark.swift in Sources */,
				142C10FE267CC2070052E82A /* RecentSearch.swift in Sources */,
				142C10EB267CBB280052E82A /* Testament.swift in Sources */,
				142C1100267CC36E0052E82A /* TivBibleDTO.swift in Sources */,
				142C10ED267CBDAC0052E82A /* Highlight.swift in Sources */,
				142C10F2267CBE560052E82A /* Chapter.swift in Sources */,
				142C10FA267CC0D30052E82A /* Note.swift in Sources */,
				142C10F0267CBE340052E82A /* Verse.swift in Sources */,
				142C10F8267CC09A0052E82A /* History.swift in Sources */,
				142C10E9267CBAFB0052E82A /* Version.swift in Sources */,
				142C116A267CE6020052E82A /* Color+Ext.swift in Sources */,
				142C10E7267CBAD40052E82A /* BaseName.swift in Sources */,
				142C116C267CE8690052E82A /* Font+Ext.swift in Sources */,
				142C10B2267CA7DB0052E82A /* ContentView.swift in Sources */,
				142C10F4267CBE8D0052E82A /* Book.swift in Sources */,
				142C10FC267CC1E20052E82A /* Other.swift in Sources */,
				142C10B0267CA7DB0052E82A /* Tiv_Bible_SwiftUIApp.swift in Sources */,
				142C1103267CC40F0052E82A /* Scopable.swift in Sources */,
			);
			runOnlyForDeploymentPostprocessing = 0;
		};
		142C10B9267CA7DD0052E82A /* Sources */ = {
			isa = PBXSourcesBuildPhase;
			buildActionMask = 2147483647;
			files = (
				142C10C2267CA7DD0052E82A /* Tiv_Bible_SwiftUITests.swift in Sources */,
			);
			runOnlyForDeploymentPostprocessing = 0;
		};
		142C10C4267CA7DD0052E82A /* Sources */ = {
			isa = PBXSourcesBuildPhase;
			buildActionMask = 2147483647;
			files = (
				142C10CD267CA7DD0052E82A /* Tiv_Bible_SwiftUIUITests.swift in Sources */,
			);
			runOnlyForDeploymentPostprocessing = 0;
		};
/* End PBXSourcesBuildPhase section */

/* Begin PBXTargetDependency section */
		142C10BF267CA7DD0052E82A /* PBXTargetDependency */ = {
			isa = PBXTargetDependency;
			target = 142C10AB267CA7DB0052E82A /* Tiv Bible SwiftUI */;
			targetProxy = 142C10BE267CA7DD0052E82A /* PBXContainerItemProxy */;
		};
		142C10CA267CA7DD0052E82A /* PBXTargetDependency */ = {
			isa = PBXTargetDependency;
			target = 142C10AB267CA7DB0052E82A /* Tiv Bible SwiftUI */;
			targetProxy = 142C10C9267CA7DD0052E82A /* PBXContainerItemProxy */;
		};
/* End PBXTargetDependency section */

/* Begin XCBuildConfiguration section */
		142C10CF267CA7DD0052E82A /* Debug */ = {
			isa = XCBuildConfiguration;
			buildSettings = {
				ALWAYS_SEARCH_USER_PATHS = NO;
				CLANG_ANALYZER_NONNULL = YES;
				CLANG_ANALYZER_NUMBER_OBJECT_CONVERSION = YES_AGGRESSIVE;
				CLANG_CXX_LANGUAGE_STANDARD = "gnu++14";
				CLANG_CXX_LIBRARY = "libc++";
				CLANG_ENABLE_MODULES = YES;
				CLANG_ENABLE_OBJC_ARC = YES;
				CLANG_ENABLE_OBJC_WEAK = YES;
				CLANG_WARN_BLOCK_CAPTURE_AUTORELEASING = YES;
				CLANG_WARN_BOOL_CONVERSION = YES;
				CLANG_WARN_COMMA = YES;
				CLANG_WARN_CONSTANT_CONVERSION = YES;
				CLANG_WARN_DEPRECATED_OBJC_IMPLEMENTATIONS = YES;
				CLANG_WARN_DIRECT_OBJC_ISA_USAGE = YES_ERROR;
				CLANG_WARN_DOCUMENTATION_COMMENTS = YES;
				CLANG_WARN_EMPTY_BODY = YES;
				CLANG_WARN_ENUM_CONVERSION = YES;
				CLANG_WARN_INFINITE_RECURSION = YES;
				CLANG_WARN_INT_CONVERSION = YES;
				CLANG_WARN_NON_LITERAL_NULL_CONVERSION = YES;
				CLANG_WARN_OBJC_IMPLICIT_RETAIN_SELF = YES;
				CLANG_WARN_OBJC_LITERAL_CONVERSION = YES;
				CLANG_WARN_OBJC_ROOT_CLASS = YES_ERROR;
				CLANG_WARN_QUOTED_INCLUDE_IN_FRAMEWORK_HEADER = YES;
				CLANG_WARN_RANGE_LOOP_ANALYSIS = YES;
				CLANG_WARN_STRICT_PROTOTYPES = YES;
				CLANG_WARN_SUSPICIOUS_MOVE = YES;
				CLANG_WARN_UNGUARDED_AVAILABILITY = YES_AGGRESSIVE;
				CLANG_WARN_UNREACHABLE_CODE = YES;
				CLANG_WARN__DUPLICATE_METHOD_MATCH = YES;
				COPY_PHASE_STRIP = NO;
				DEBUG_INFORMATION_FORMAT = dwarf;
				ENABLE_STRICT_OBJC_MSGSEND = YES;
				ENABLE_TESTABILITY = YES;
				GCC_C_LANGUAGE_STANDARD = gnu11;
				GCC_DYNAMIC_NO_PIC = NO;
				GCC_NO_COMMON_BLOCKS = YES;
				GCC_OPTIMIZATION_LEVEL = 0;
				GCC_PREPROCESSOR_DEFINITIONS = (
					"DEBUG=1",
					"$(inherited)",
				);
				GCC_WARN_64_TO_32_BIT_CONVERSION = YES;
				GCC_WARN_ABOUT_RETURN_TYPE = YES_ERROR;
				GCC_WARN_UNDECLARED_SELECTOR = YES;
				GCC_WARN_UNINITIALIZED_AUTOS = YES_AGGRESSIVE;
				GCC_WARN_UNUSED_FUNCTION = YES;
				GCC_WARN_UNUSED_VARIABLE = YES;
				IPHONEOS_DEPLOYMENT_TARGET = 14.5;
				MTL_ENABLE_DEBUG_INFO = INCLUDE_SOURCE;
				MTL_FAST_MATH = YES;
				ONLY_ACTIVE_ARCH = YES;
				SDKROOT = iphoneos;
				SWIFT_ACTIVE_COMPILATION_CONDITIONS = DEBUG;
				SWIFT_OPTIMIZATION_LEVEL = "-Onone";
			};
			name = Debug;
		};
		142C10D0267CA7DD0052E82A /* Release */ = {
			isa = XCBuildConfiguration;
			buildSettings = {
				ALWAYS_SEARCH_USER_PATHS = NO;
				CLANG_ANALYZER_NONNULL = YES;
				CLANG_ANALYZER_NUMBER_OBJECT_CONVERSION = YES_AGGRESSIVE;
				CLANG_CXX_LANGUAGE_STANDARD = "gnu++14";
				CLANG_CXX_LIBRARY = "libc++";
				CLANG_ENABLE_MODULES = YES;
				CLANG_ENABLE_OBJC_ARC = YES;
				CLANG_ENABLE_OBJC_WEAK = YES;
				CLANG_WARN_BLOCK_CAPTURE_AUTORELEASING = YES;
				CLANG_WARN_BOOL_CONVERSION = YES;
				CLANG_WARN_COMMA = YES;
				CLANG_WARN_CONSTANT_CONVERSION = YES;
				CLANG_WARN_DEPRECATED_OBJC_IMPLEMENTATIONS = YES;
				CLANG_WARN_DIRECT_OBJC_ISA_USAGE = YES_ERROR;
				CLANG_WARN_DOCUMENTATION_COMMENTS = YES;
				CLANG_WARN_EMPTY_BODY = YES;
				CLANG_WARN_ENUM_CONVERSION = YES;
				CLANG_WARN_INFINITE_RECURSION = YES;
				CLANG_WARN_INT_CONVERSION = YES;
				CLANG_WARN_NON_LITERAL_NULL_CONVERSION = YES;
				CLANG_WARN_OBJC_IMPLICIT_RETAIN_SELF = YES;
				CLANG_WARN_OBJC_LITERAL_CONVERSION = YES;
				CLANG_WARN_OBJC_ROOT_CLASS = YES_ERROR;
				CLANG_WARN_QUOTED_INCLUDE_IN_FRAMEWORK_HEADER = YES;
				CLANG_WARN_RANGE_LOOP_ANALYSIS = YES;
				CLANG_WARN_STRICT_PROTOTYPES = YES;
				CLANG_WARN_SUSPICIOUS_MOVE = YES;
				CLANG_WARN_UNGUARDED_AVAILABILITY = YES_AGGRESSIVE;
				CLANG_WARN_UNREACHABLE_CODE = YES;
				CLANG_WARN__DUPLICATE_METHOD_MATCH = YES;
				COPY_PHASE_STRIP = NO;
				DEBUG_INFORMATION_FORMAT = "dwarf-with-dsym";
				ENABLE_NS_ASSERTIONS = NO;
				ENABLE_STRICT_OBJC_MSGSEND = YES;
				GCC_C_LANGUAGE_STANDARD = gnu11;
				GCC_NO_COMMON_BLOCKS = YES;
				GCC_WARN_64_TO_32_BIT_CONVERSION = YES;
				GCC_WARN_ABOUT_RETURN_TYPE = YES_ERROR;
				GCC_WARN_UNDECLARED_SELECTOR = YES;
				GCC_WARN_UNINITIALIZED_AUTOS = YES_AGGRESSIVE;
				GCC_WARN_UNUSED_FUNCTION = YES;
				GCC_WARN_UNUSED_VARIABLE = YES;
				IPHONEOS_DEPLOYMENT_TARGET = 14.5;
				MTL_ENABLE_DEBUG_INFO = NO;
				MTL_FAST_MATH = YES;
				SDKROOT = iphoneos;
				SWIFT_COMPILATION_MODE = wholemodule;
				SWIFT_OPTIMIZATION_LEVEL = "-O";
				VALIDATE_PRODUCT = YES;
			};
			name = Release;
		};
		142C10D2267CA7DD0052E82A /* Debug */ = {
			isa = XCBuildConfiguration;
			buildSettings = {
				ASSETCATALOG_COMPILER_APPICON_NAME = AppIcon;
				ASSETCATALOG_COMPILER_GLOBAL_ACCENT_COLOR_NAME = AccentColor;
				CODE_SIGN_STYLE = Automatic;
				DEVELOPMENT_ASSET_PATHS = "\"Tiv Bible SwiftUI/Preview Content\"";
				ENABLE_PREVIEWS = YES;
				INFOPLIST_FILE = "Tiv Bible SwiftUI/Info.plist";
				IPHONEOS_DEPLOYMENT_TARGET = 14.0;
				LD_RUNPATH_SEARCH_PATHS = (
					"$(inherited)",
					"@executable_path/Frameworks",
				);
				PRODUCT_BUNDLE_IDENTIFIER = "com.iniongungroups.mobile.ios.Tiv-Bible-SwiftUI";
				PRODUCT_NAME = "$(TARGET_NAME)";
				SWIFT_VERSION = 5.0;
				TARGETED_DEVICE_FAMILY = "1,2";
			};
			name = Debug;
		};
		142C10D3267CA7DD0052E82A /* Release */ = {
			isa = XCBuildConfiguration;
			buildSettings = {
				ASSETCATALOG_COMPILER_APPICON_NAME = AppIcon;
				ASSETCATALOG_COMPILER_GLOBAL_ACCENT_COLOR_NAME = AccentColor;
				CODE_SIGN_STYLE = Automatic;
				DEVELOPMENT_ASSET_PATHS = "\"Tiv Bible SwiftUI/Preview Content\"";
				ENABLE_PREVIEWS = YES;
				INFOPLIST_FILE = "Tiv Bible SwiftUI/Info.plist";
				IPHONEOS_DEPLOYMENT_TARGET = 14.0;
				LD_RUNPATH_SEARCH_PATHS = (
					"$(inherited)",
					"@executable_path/Frameworks",
				);
				PRODUCT_BUNDLE_IDENTIFIER = "com.iniongungroups.mobile.ios.Tiv-Bible-SwiftUI";
				PRODUCT_NAME = "$(TARGET_NAME)";
				SWIFT_VERSION = 5.0;
				TARGETED_DEVICE_FAMILY = "1,2";
			};
			name = Release;
		};
		142C10D5267CA7DD0052E82A /* Debug */ = {
			isa = XCBuildConfiguration;
			buildSettings = {
				ALWAYS_EMBED_SWIFT_STANDARD_LIBRARIES = YES;
				BUNDLE_LOADER = "$(TEST_HOST)";
				CODE_SIGN_STYLE = Automatic;
				INFOPLIST_FILE = "Tiv Bible SwiftUITests/Info.plist";
				IPHONEOS_DEPLOYMENT_TARGET = 14.0;
				LD_RUNPATH_SEARCH_PATHS = (
					"$(inherited)",
					"@executable_path/Frameworks",
					"@loader_path/Frameworks",
				);
				PRODUCT_BUNDLE_IDENTIFIER = "com.iniongungroups.mobile.ios.Tiv-Bible-SwiftUITests";
				PRODUCT_NAME = "$(TARGET_NAME)";
				SWIFT_VERSION = 5.0;
				TARGETED_DEVICE_FAMILY = "1,2";
				TEST_HOST = "$(BUILT_PRODUCTS_DIR)/Tiv Bible SwiftUI.app/Tiv Bible SwiftUI";
			};
			name = Debug;
		};
		142C10D6267CA7DD0052E82A /* Release */ = {
			isa = XCBuildConfiguration;
			buildSettings = {
				ALWAYS_EMBED_SWIFT_STANDARD_LIBRARIES = YES;
				BUNDLE_LOADER = "$(TEST_HOST)";
				CODE_SIGN_STYLE = Automatic;
				INFOPLIST_FILE = "Tiv Bible SwiftUITests/Info.plist";
				IPHONEOS_DEPLOYMENT_TARGET = 14.0;
				LD_RUNPATH_SEARCH_PATHS = (
					"$(inherited)",
					"@executable_path/Frameworks",
					"@loader_path/Frameworks",
				);
				PRODUCT_BUNDLE_IDENTIFIER = "com.iniongungroups.mobile.ios.Tiv-Bible-SwiftUITests";
				PRODUCT_NAME = "$(TARGET_NAME)";
				SWIFT_VERSION = 5.0;
				TARGETED_DEVICE_FAMILY = "1,2";
				TEST_HOST = "$(BUILT_PRODUCTS_DIR)/Tiv Bible SwiftUI.app/Tiv Bible SwiftUI";
			};
			name = Release;
		};
		142C10D8267CA7DD0052E82A /* Debug */ = {
			isa = XCBuildConfiguration;
			buildSettings = {
				ALWAYS_EMBED_SWIFT_STANDARD_LIBRARIES = YES;
				CODE_SIGN_STYLE = Automatic;
				INFOPLIST_FILE = "Tiv Bible SwiftUIUITests/Info.plist";
				LD_RUNPATH_SEARCH_PATHS = (
					"$(inherited)",
					"@executable_path/Frameworks",
					"@loader_path/Frameworks",
				);
				PRODUCT_BUNDLE_IDENTIFIER = "com.iniongungroups.mobile.ios.Tiv-Bible-SwiftUIUITests";
				PRODUCT_NAME = "$(TARGET_NAME)";
				SWIFT_VERSION = 5.0;
				TARGETED_DEVICE_FAMILY = "1,2";
				TEST_TARGET_NAME = "Tiv Bible SwiftUI";
			};
			name = Debug;
		};
		142C10D9267CA7DD0052E82A /* Release */ = {
			isa = XCBuildConfiguration;
			buildSettings = {
				ALWAYS_EMBED_SWIFT_STANDARD_LIBRARIES = YES;
				CODE_SIGN_STYLE = Automatic;
				INFOPLIST_FILE = "Tiv Bible SwiftUIUITests/Info.plist";
				LD_RUNPATH_SEARCH_PATHS = (
					"$(inherited)",
					"@executable_path/Frameworks",
					"@loader_path/Frameworks",
				);
				PRODUCT_BUNDLE_IDENTIFIER = "com.iniongungroups.mobile.ios.Tiv-Bible-SwiftUIUITests";
				PRODUCT_NAME = "$(TARGET_NAME)";
				SWIFT_VERSION = 5.0;
				TARGETED_DEVICE_FAMILY = "1,2";
				TEST_TARGET_NAME = "Tiv Bible SwiftUI";
			};
			name = Release;
		};
/* End XCBuildConfiguration section */

/* Begin XCConfigurationList section */
		142C10A7267CA7DB0052E82A /* Build configuration list for PBXProject "Tiv Bible SwiftUI" */ = {
			isa = XCConfigurationList;
			buildConfigurations = (
				142C10CF267CA7DD0052E82A /* Debug */,
				142C10D0267CA7DD0052E82A /* Release */,
			);
			defaultConfigurationIsVisible = 0;
			defaultConfigurationName = Release;
		};
		142C10D1267CA7DD0052E82A /* Build configuration list for PBXNativeTarget "Tiv Bible SwiftUI" */ = {
			isa = XCConfigurationList;
			buildConfigurations = (
				142C10D2267CA7DD0052E82A /* Debug */,
				142C10D3267CA7DD0052E82A /* Release */,
			);
			defaultConfigurationIsVisible = 0;
			defaultConfigurationName = Release;
		};
		142C10D4267CA7DD0052E82A /* Build configuration list for PBXNativeTarget "Tiv Bible SwiftUITests" */ = {
			isa = XCConfigurationList;
			buildConfigurations = (
				142C10D5267CA7DD0052E82A /* Debug */,
				142C10D6267CA7DD0052E82A /* Release */,
			);
			defaultConfigurationIsVisible = 0;
			defaultConfigurationName = Release;
		};
		142C10D7267CA7DD0052E82A /* Build configuration list for PBXNativeTarget "Tiv Bible SwiftUIUITests" */ = {
			isa = XCConfigurationList;
			buildConfigurations = (
				142C10D8267CA7DD0052E82A /* Debug */,
				142C10D9267CA7DD0052E82A /* Release */,
			);
			defaultConfigurationIsVisible = 0;
			defaultConfigurationName = Release;
		};
/* End XCConfigurationList section */

/* Begin XCRemoteSwiftPackageReference section */
		142C10DA267CA9020052E82A /* XCRemoteSwiftPackageReference "realm-cocoa" */ = {
			isa = XCRemoteSwiftPackageReference;
			repositoryURL = "https://github.com/realm/realm-cocoa.git";
			requirement = {
				kind = upToNextMajorVersion;
				minimumVersion = 10.8.0;
			};
		};
/* End XCRemoteSwiftPackageReference section */

/* Begin XCSwiftPackageProductDependency section */
		142C10DB267CA9020052E82A /* Realm */ = {
			isa = XCSwiftPackageProductDependency;
			package = 142C10DA267CA9020052E82A /* XCRemoteSwiftPackageReference "realm-cocoa" */;
			productName = Realm;
		};
		142C10DD267CA9020052E82A /* RealmSwift */ = {
			isa = XCSwiftPackageProductDependency;
			package = 142C10DA267CA9020052E82A /* XCRemoteSwiftPackageReference "realm-cocoa" */;
			productName = RealmSwift;
		};
/* End XCSwiftPackageProductDependency section */
	};
	rootObject = 142C10A4267CA7DA0052E82A /* Project object */;
}
